
Microsoft Visual Studio Solution File, Format Version 12.00
# Visual Studio 2012
VisualStudioVersion = 12.0.30723.0
MinimumVisualStudioVersion = 10.0.40219.1
Project("{f2a71f9b-5d33-465a-a702-920d77279786}") = "kido.xs", "kido\kido.xs.fsproj", "{1B9989FF-645A-4CBD-BA59-DB5C201A6607}"
EndProject
Project("{FAE04EC0-301F-11D3-BF4B-00C04F79EFBC}") = "kido.ios.xs", "kido.ios\kido.ios.xs.csproj", "{C1AD6657-E605-49CE-9E6F-861E3842EDDA}"
EndProject
Project("{2150E333-8FDC-42A3-9474-1A3956D46DE8}") = "examples", "examples", "{002792F6-8852-4B94-95BB-5879AF7BE1CA}"
EndProject
Project("{2150E333-8FDC-42A3-9474-1A3956D46DE8}") = "sync", "sync", "{8EB83090-40C9-4099-8FB0-117D5141D179}"
EndProject
Project("{FAE04EC0-301F-11D3-BF4B-00C04F79EFBC}") = "Sync.XS.iOS", "examples\sync\Sync.iOS\Sync.XS.iOS.csproj", "{23BD345E-E004-4848-AC27-4F8F9BCE9D87}"
EndProject
Project("{D954291E-2A0B-460D-934E-DC6B0785DB48}") = "Sync", "examples\sync\Sync\Sync.shproj", "{A0F8E26A-82E4-43E5-842A-909B469F9E9D}"
EndProject
Global
	GlobalSection(SolutionConfigurationPlatforms) = preSolution
		Ad-Hoc|Any CPU = Ad-Hoc|Any CPU
		Ad-Hoc|iPhone = Ad-Hoc|iPhone
		Ad-Hoc|iPhoneSimulator = Ad-Hoc|iPhoneSimulator
		Ad-Hoc|Mixed Platforms = Ad-Hoc|Mixed Platforms
		AppStore|Any CPU = AppStore|Any CPU
		AppStore|iPhone = AppStore|iPhone
		AppStore|iPhoneSimulator = AppStore|iPhoneSimulator
		AppStore|Mixed Platforms = AppStore|Mixed Platforms
		Debug|Any CPU = Debug|Any CPU
		Debug|iPhone = Debug|iPhone
		Debug|iPhoneSimulator = Debug|iPhoneSimulator
		Debug|Mixed Platforms = Debug|Mixed Platforms
		Default|Any CPU = Default|Any CPU
		Default|iPhone = Default|iPhone
		Default|iPhoneSimulator = Default|iPhoneSimulator
		Default|Mixed Platforms = Default|Mixed Platforms
		Release|Any CPU = Release|Any CPU
		Release|iPhone = Release|iPhone
		Release|iPhoneSimulator = Release|iPhoneSimulator
		Release|Mixed Platforms = Release|Mixed Platforms
	EndGlobalSection
	GlobalSection(ProjectConfigurationPlatforms) = postSolution
		{1B9989FF-645A-4CBD-BA59-DB5C201A6607}.Ad-Hoc|Any CPU.ActiveCfg = Release|Any CPU
		{1B9989FF-645A-4CBD-BA59-DB5C201A6607}.Ad-Hoc|Any CPU.Build.0 = Release|Any CPU
		{1B9989FF-645A-4CBD-BA59-DB5C201A6607}.Ad-Hoc|iPhone.ActiveCfg = Release|Any CPU
		{1B9989FF-645A-4CBD-BA59-DB5C201A6607}.Ad-Hoc|iPhone.Build.0 = Release|Any CPU
		{1B9989FF-645A-4CBD-BA59-DB5C201A6607}.Ad-Hoc|iPhoneSimulator.ActiveCfg = Release|Any CPU
		{1B9989FF-645A-4CBD-BA59-DB5C201A6607}.Ad-Hoc|iPhoneSimulator.Build.0 = Release|Any CPU
		{1B9989FF-645A-4CBD-BA59-DB5C201A6607}.Ad-Hoc|Mixed Platforms.ActiveCfg = Release|Any CPU
		{1B9989FF-645A-4CBD-BA59-DB5C201A6607}.Ad-Hoc|Mixed Platforms.Build.0 = Release|Any CPU
		{1B9989FF-645A-4CBD-BA59-DB5C201A6607}.AppStore|Any CPU.ActiveCfg = Release|Any CPU
		{1B9989FF-645A-4CBD-BA59-DB5C201A6607}.AppStore|Any CPU.Build.0 = Release|Any CPU
		{1B9989FF-645A-4CBD-BA59-DB5C201A6607}.AppStore|iPhone.ActiveCfg = Release|Any CPU
		{1B9989FF-645A-4CBD-BA59-DB5C201A6607}.AppStore|iPhone.Build.0 = Release|Any CPU
		{1B9989FF-645A-4CBD-BA59-DB5C201A6607}.AppStore|iPhoneSimulator.ActiveCfg = Release|Any CPU
		{1B9989FF-645A-4CBD-BA59-DB5C201A6607}.AppStore|iPhoneSimulator.Build.0 = Release|Any CPU
		{1B9989FF-645A-4CBD-BA59-DB5C201A6607}.AppStore|Mixed Platforms.ActiveCfg = Release|Any CPU
		{1B9989FF-645A-4CBD-BA59-DB5C201A6607}.AppStore|Mixed Platforms.Build.0 = Release|Any CPU
		{1B9989FF-645A-4CBD-BA59-DB5C201A6607}.Debug|Any CPU.ActiveCfg = Debug|Any CPU
		{1B9989FF-645A-4CBD-BA59-DB5C201A6607}.Debug|Any CPU.Build.0 = Debug|Any CPU
		{1B9989FF-645A-4CBD-BA59-DB5C201A6607}.Debug|iPhone.ActiveCfg = Debug|Any CPU
		{1B9989FF-645A-4CBD-BA59-DB5C201A6607}.Debug|iPhone.Build.0 = Debug|Any CPU
		{1B9989FF-645A-4CBD-BA59-DB5C201A6607}.Debug|iPhoneSimulator.ActiveCfg = Debug|Any CPU
		{1B9989FF-645A-4CBD-BA59-DB5C201A6607}.Debug|iPhoneSimulator.Build.0 = Debug|Any CPU
		{1B9989FF-645A-4CBD-BA59-DB5C201A6607}.Debug|Mixed Platforms.ActiveCfg = Debug|Any CPU
		{1B9989FF-645A-4CBD-BA59-DB5C201A6607}.Debug|Mixed Platforms.Build.0 = Debug|Any CPU
		{1B9989FF-645A-4CBD-BA59-DB5C201A6607}.Default|Any CPU.ActiveCfg = Debug|Any CPU
		{1B9989FF-645A-4CBD-BA59-DB5C201A6607}.Default|Any CPU.Build.0 = Debug|Any CPU
		{1B9989FF-645A-4CBD-BA59-DB5C201A6607}.Default|iPhone.ActiveCfg = Debug|Any CPU
		{1B9989FF-645A-4CBD-BA59-DB5C201A6607}.Default|iPhone.Build.0 = Debug|Any CPU
		{1B9989FF-645A-4CBD-BA59-DB5C201A6607}.Default|iPhoneSimulator.ActiveCfg = Debug|Any CPU
		{1B9989FF-645A-4CBD-BA59-DB5C201A6607}.Default|iPhoneSimulator.Build.0 = Debug|Any CPU
		{1B9989FF-645A-4CBD-BA59-DB5C201A6607}.Default|Mixed Platforms.ActiveCfg = Debug|Any CPU
		{1B9989FF-645A-4CBD-BA59-DB5C201A6607}.Default|Mixed Platforms.Build.0 = Debug|Any CPU
		{1B9989FF-645A-4CBD-BA59-DB5C201A6607}.Release|Any CPU.ActiveCfg = Release|Any CPU
		{1B9989FF-645A-4CBD-BA59-DB5C201A6607}.Release|Any CPU.Build.0 = Release|Any CPU
		{1B9989FF-645A-4CBD-BA59-DB5C201A6607}.Release|iPhone.ActiveCfg = Release|Any CPU
		{1B9989FF-645A-4CBD-BA59-DB5C201A6607}.Release|iPhone.Build.0 = Release|Any CPU
		{1B9989FF-645A-4CBD-BA59-DB5C201A6607}.Release|iPhoneSimulator.ActiveCfg = Release|Any CPU
		{1B9989FF-645A-4CBD-BA59-DB5C201A6607}.Release|iPhoneSimulator.Build.0 = Release|Any CPU
		{1B9989FF-645A-4CBD-BA59-DB5C201A6607}.Release|Mixed Platforms.ActiveCfg = Release|Any CPU
		{1B9989FF-645A-4CBD-BA59-DB5C201A6607}.Release|Mixed Platforms.Build.0 = Release|Any CPU
		{23BD345E-E004-4848-AC27-4F8F9BCE9D87}.Ad-Hoc|Any CPU.ActiveCfg = Ad-Hoc|iPhone
		{23BD345E-E004-4848-AC27-4F8F9BCE9D87}.Ad-Hoc|Any CPU.Build.0 = Ad-Hoc|iPhone
		{23BD345E-E004-4848-AC27-4F8F9BCE9D87}.Ad-Hoc|iPhone.ActiveCfg = Ad-Hoc|iPhone
		{23BD345E-E004-4848-AC27-4F8F9BCE9D87}.Ad-Hoc|iPhone.Build.0 = Ad-Hoc|iPhone
		{23BD345E-E004-4848-AC27-4F8F9BCE9D87}.Ad-Hoc|iPhoneSimulator.ActiveCfg = Debug|iPhoneSimulator
		{23BD345E-E004-4848-AC27-4F8F9BCE9D87}.Ad-Hoc|iPhoneSimulator.Build.0 = Debug|iPhoneSimulator
		{23BD345E-E004-4848-AC27-4F8F9BCE9D87}.Ad-Hoc|Mixed Platforms.ActiveCfg = Ad-Hoc|iPhone
		{23BD345E-E004-4848-AC27-4F8F9BCE9D87}.Ad-Hoc|Mixed Platforms.Build.0 = Ad-Hoc|iPhone
		{23BD345E-E004-4848-AC27-4F8F9BCE9D87}.AppStore|Any CPU.ActiveCfg = AppStore|iPhone
		{23BD345E-E004-4848-AC27-4F8F9BCE9D87}.AppStore|Any CPU.Build.0 = AppStore|iPhone
		{23BD345E-E004-4848-AC27-4F8F9BCE9D87}.AppStore|iPhone.ActiveCfg = AppStore|iPhone
		{23BD345E-E004-4848-AC27-4F8F9BCE9D87}.AppStore|iPhone.Build.0 = AppStore|iPhone
		{23BD345E-E004-4848-AC27-4F8F9BCE9D87}.AppStore|iPhoneSimulator.ActiveCfg = Debug|iPhoneSimulator
		{23BD345E-E004-4848-AC27-4F8F9BCE9D87}.AppStore|iPhoneSimulator.Build.0 = Debug|iPhoneSimulator
		{23BD345E-E004-4848-AC27-4F8F9BCE9D87}.AppStore|Mixed Platforms.ActiveCfg = AppStore|iPhone
		{23BD345E-E004-4848-AC27-4F8F9BCE9D87}.AppStore|Mixed Platforms.Build.0 = AppStore|iPhone
		{23BD345E-E004-4848-AC27-4F8F9BCE9D87}.Debug|Any CPU.ActiveCfg = Debug|iPhoneSimulator
		{23BD345E-E004-4848-AC27-4F8F9BCE9D87}.Debug|Any CPU.Build.0 = Debug|iPhoneSimulator
		{23BD345E-E004-4848-AC27-4F8F9BCE9D87}.Debug|iPhone.ActiveCfg = Debug|iPhone
		{23BD345E-E004-4848-AC27-4F8F9BCE9D87}.Debug|iPhone.Build.0 = Debug|iPhone
		{23BD345E-E004-4848-AC27-4F8F9BCE9D87}.Debug|iPhoneSimulator.ActiveCfg = Debug|iPhoneSimulator
		{23BD345E-E004-4848-AC27-4F8F9BCE9D87}.Debug|iPhoneSimulator.Build.0 = Debug|iPhoneSimulator
		{23BD345E-E004-4848-AC27-4F8F9BCE9D87}.Debug|Mixed Platforms.ActiveCfg = Debug|iPhoneSimulator
		{23BD345E-E004-4848-AC27-4F8F9BCE9D87}.Debug|Mixed Platforms.Build.0 = Debug|iPhoneSimulator
		{23BD345E-E004-4848-AC27-4F8F9BCE9D87}.Default|Any CPU.ActiveCfg = Debug|iPhoneSimulator
		{23BD345E-E004-4848-AC27-4F8F9BCE9D87}.Default|Any CPU.Build.0 = Debug|iPhoneSimulator
		{23BD345E-E004-4848-AC27-4F8F9BCE9D87}.Default|iPhone.ActiveCfg = Debug|iPhone
		{23BD345E-E004-4848-AC27-4F8F9BCE9D87}.Default|iPhone.Build.0 = Debug|iPhone
		{23BD345E-E004-4848-AC27-4F8F9BCE9D87}.Default|iPhoneSimulator.ActiveCfg = Debug|iPhoneSimulator
		{23BD345E-E004-4848-AC27-4F8F9BCE9D87}.Default|iPhoneSimulator.Build.0 = Debug|iPhoneSimulator
		{23BD345E-E004-4848-AC27-4F8F9BCE9D87}.Default|Mixed Platforms.ActiveCfg = Debug|iPhoneSimulator
		{23BD345E-E004-4848-AC27-4F8F9BCE9D87}.Default|Mixed Platforms.Build.0 = Debug|iPhoneSimulator
		{23BD345E-E004-4848-AC27-4F8F9BCE9D87}.Release|Any CPU.ActiveCfg = Release|iPhoneSimulator
		{23BD345E-E004-4848-AC27-4F8F9BCE9D87}.Release|Any CPU.Build.0 = Release|iPhoneSimulator
		{23BD345E-E004-4848-AC27-4F8F9BCE9D87}.Release|iPhone.ActiveCfg = Release|iPhone
		{23BD345E-E004-4848-AC27-4F8F9BCE9D87}.Release|iPhone.Build.0 = Release|iPhone
		{23BD345E-E004-4848-AC27-4F8F9BCE9D87}.Release|iPhoneSimulator.ActiveCfg = Release|iPhoneSimulator
		{23BD345E-E004-4848-AC27-4F8F9BCE9D87}.Release|iPhoneSimulator.Build.0 = Release|iPhoneSimulator
		{23BD345E-E004-4848-AC27-4F8F9BCE9D87}.Release|Mixed Platforms.ActiveCfg = Release|iPhoneSimulator
		{23BD345E-E004-4848-AC27-4F8F9BCE9D87}.Release|Mixed Platforms.Build.0 = Release|iPhoneSimulator
		{C1AD6657-E605-49CE-9E6F-861E3842EDDA}.Ad-Hoc|Any CPU.ActiveCfg = Release|Any CPU
		{C1AD6657-E605-49CE-9E6F-861E3842EDDA}.Ad-Hoc|Any CPU.Build.0 = Release|Any CPU
		{C1AD6657-E605-49CE-9E6F-861E3842EDDA}.Ad-Hoc|iPhone.ActiveCfg = Release|Any CPU
		{C1AD6657-E605-49CE-9E6F-861E3842EDDA}.Ad-Hoc|iPhone.Build.0 = Release|Any CPU
		{C1AD6657-E605-49CE-9E6F-861E3842EDDA}.Ad-Hoc|iPhoneSimulator.ActiveCfg = Release|Any CPU
		{C1AD6657-E605-49CE-9E6F-861E3842EDDA}.Ad-Hoc|iPhoneSimulator.Build.0 = Release|Any CPU
		{C1AD6657-E605-49CE-9E6F-861E3842EDDA}.Ad-Hoc|Mixed Platforms.ActiveCfg = Release|Any CPU
		{C1AD6657-E605-49CE-9E6F-861E3842EDDA}.Ad-Hoc|Mixed Platforms.Build.0 = Release|Any CPU
		{C1AD6657-E605-49CE-9E6F-861E3842EDDA}.AppStore|Any CPU.ActiveCfg = Release|Any CPU
		{C1AD6657-E605-49CE-9E6F-861E3842EDDA}.AppStore|Any CPU.Build.0 = Release|Any CPU
		{C1AD6657-E605-49CE-9E6F-861E3842EDDA}.AppStore|iPhone.ActiveCfg = Release|Any CPU
		{C1AD6657-E605-49CE-9E6F-861E3842EDDA}.AppStore|iPhone.Build.0 = Release|Any CPU
		{C1AD6657-E605-49CE-9E6F-861E3842EDDA}.AppStore|iPhoneSimulator.ActiveCfg = Release|Any CPU
		{C1AD6657-E605-49CE-9E6F-861E3842EDDA}.AppStore|iPhoneSimulator.Build.0 = Release|Any CPU
		{C1AD6657-E605-49CE-9E6F-861E3842EDDA}.AppStore|Mixed Platforms.ActiveCfg = Release|Any CPU
		{C1AD6657-E605-49CE-9E6F-861E3842EDDA}.AppStore|Mixed Platforms.Build.0 = Release|Any CPU
		{C1AD6657-E605-49CE-9E6F-861E3842EDDA}.Debug|Any CPU.ActiveCfg = Debug|Any CPU
		{C1AD6657-E605-49CE-9E6F-861E3842EDDA}.Debug|Any CPU.Build.0 = Debug|Any CPU
		{C1AD6657-E605-49CE-9E6F-861E3842EDDA}.Debug|iPhone.ActiveCfg = Debug|Any CPU
		{C1AD6657-E605-49CE-9E6F-861E3842EDDA}.Debug|iPhone.Build.0 = Debug|Any CPU
		{C1AD6657-E605-49CE-9E6F-861E3842EDDA}.Debug|iPhoneSimulator.ActiveCfg = Debug|Any CPU
		{C1AD6657-E605-49CE-9E6F-861E3842EDDA}.Debug|iPhoneSimulator.Build.0 = Debug|Any CPU
		{C1AD6657-E605-49CE-9E6F-861E3842EDDA}.Debug|Mixed Platforms.ActiveCfg = Debug|Any CPU
		{C1AD6657-E605-49CE-9E6F-861E3842EDDA}.Debug|Mixed Platforms.Build.0 = Debug|Any CPU
		{C1AD6657-E605-49CE-9E6F-861E3842EDDA}.Default|Any CPU.ActiveCfg = Debug|Any CPU
		{C1AD6657-E605-49CE-9E6F-861E3842EDDA}.Default|Any CPU.Build.0 = Debug|Any CPU
		{C1AD6657-E605-49CE-9E6F-861E3842EDDA}.Default|iPhone.ActiveCfg = Debug|Any CPU
		{C1AD6657-E605-49CE-9E6F-861E3842EDDA}.Default|iPhone.Build.0 = Debug|Any CPU
		{C1AD6657-E605-49CE-9E6F-861E3842EDDA}.Default|iPhoneSimulator.ActiveCfg = Debug|Any CPU
		{C1AD6657-E605-49CE-9E6F-861E3842EDDA}.Default|iPhoneSimulator.Build.0 = Debug|Any CPU
		{C1AD6657-E605-49CE-9E6F-861E3842EDDA}.Default|Mixed Platforms.ActiveCfg = Debug|Any CPU
		{C1AD6657-E605-49CE-9E6F-861E3842EDDA}.Default|Mixed Platforms.Build.0 = Debug|Any CPU
		{C1AD6657-E605-49CE-9E6F-861E3842EDDA}.Release|Any CPU.ActiveCfg = Release|Any CPU
		{C1AD6657-E605-49CE-9E6F-861E3842EDDA}.Release|Any CPU.Build.0 = Release|Any CPU
		{C1AD6657-E605-49CE-9E6F-861E3842EDDA}.Release|iPhone.ActiveCfg = Release|Any CPU
		{C1AD6657-E605-49CE-9E6F-861E3842EDDA}.Release|iPhone.Build.0 = Release|Any CPU
		{C1AD6657-E605-49CE-9E6F-861E3842EDDA}.Release|iPhoneSimulator.ActiveCfg = Release|Any CPU
		{C1AD6657-E605-49CE-9E6F-861E3842EDDA}.Release|iPhoneSimulator.Build.0 = Release|Any CPU
		{C1AD6657-E605-49CE-9E6F-861E3842EDDA}.Release|Mixed Platforms.ActiveCfg = Release|Any CPU
		{C1AD6657-E605-49CE-9E6F-861E3842EDDA}.Release|Mixed Platforms.Build.0 = Release|Any CPU
		{44FEA820-FFC5-4614-8DFF-66C641586150}.Ad-Hoc|Any CPU.ActiveCfg = Release|Any CPU
		{44FEA820-FFC5-4614-8DFF-66C641586150}.Ad-Hoc|Any CPU.Build.0 = Release|Any CPU
		{44FEA820-FFC5-4614-8DFF-66C641586150}.Ad-Hoc|iPhone.ActiveCfg = Release|Any CPU
		{44FEA820-FFC5-4614-8DFF-66C641586150}.Ad-Hoc|iPhone.Build.0 = Release|Any CPU
		{44FEA820-FFC5-4614-8DFF-66C641586150}.Ad-Hoc|iPhoneSimulator.ActiveCfg = Release|Any CPU
		{44FEA820-FFC5-4614-8DFF-66C641586150}.Ad-Hoc|iPhoneSimulator.Build.0 = Release|Any CPU
		{44FEA820-FFC5-4614-8DFF-66C641586150}.Ad-Hoc|Mixed Platforms.ActiveCfg = Release|Any CPU
		{44FEA820-FFC5-4614-8DFF-66C641586150}.Ad-Hoc|Mixed Platforms.Build.0 = Release|Any CPU
		{44FEA820-FFC5-4614-8DFF-66C641586150}.AppStore|Any CPU.ActiveCfg = Release|Any CPU
		{44FEA820-FFC5-4614-8DFF-66C641586150}.AppStore|Any CPU.Build.0 = Release|Any CPU
		{44FEA820-FFC5-4614-8DFF-66C641586150}.AppStore|iPhone.ActiveCfg = Release|Any CPU
		{44FEA820-FFC5-4614-8DFF-66C641586150}.AppStore|iPhone.Build.0 = Release|Any CPU
		{44FEA820-FFC5-4614-8DFF-66C641586150}.AppStore|iPhoneSimulator.ActiveCfg = Release|Any CPU
		{44FEA820-FFC5-4614-8DFF-66C641586150}.AppStore|iPhoneSimulator.Build.0 = Release|Any CPU
		{44FEA820-FFC5-4614-8DFF-66C641586150}.AppStore|Mixed Platforms.ActiveCfg = Release|Any CPU
		{44FEA820-FFC5-4614-8DFF-66C641586150}.AppStore|Mixed Platforms.Build.0 = Release|Any CPU
		{44FEA820-FFC5-4614-8DFF-66C641586150}.Debug|Any CPU.ActiveCfg = Debug|Any CPU
		{44FEA820-FFC5-4614-8DFF-66C641586150}.Debug|Any CPU.Build.0 = Debug|Any CPU
		{44FEA820-FFC5-4614-8DFF-66C641586150}.Debug|iPhone.ActiveCfg = Debug|Any CPU
		{44FEA820-FFC5-4614-8DFF-66C641586150}.Debug|iPhone.Build.0 = Debug|Any CPU
		{44FEA820-FFC5-4614-8DFF-66C641586150}.Debug|iPhoneSimulator.ActiveCfg = Debug|Any CPU
		{44FEA820-FFC5-4614-8DFF-66C641586150}.Debug|iPhoneSimulator.Build.0 = Debug|Any CPU
		{44FEA820-FFC5-4614-8DFF-66C641586150}.Debug|Mixed Platforms.ActiveCfg = Debug|Any CPU
		{44FEA820-FFC5-4614-8DFF-66C641586150}.Debug|Mixed Platforms.Build.0 = Debug|Any CPU
		{44FEA820-FFC5-4614-8DFF-66C641586150}.Default|Any CPU.ActiveCfg = Debug|Any CPU
		{44FEA820-FFC5-4614-8DFF-66C641586150}.Default|Any CPU.Build.0 = Debug|Any CPU
		{44FEA820-FFC5-4614-8DFF-66C641586150}.Default|iPhone.ActiveCfg = Debug|Any CPU
		{44FEA820-FFC5-4614-8DFF-66C641586150}.Default|iPhone.Build.0 = Debug|Any CPU
		{44FEA820-FFC5-4614-8DFF-66C641586150}.Default|iPhoneSimulator.ActiveCfg = Debug|Any CPU
		{44FEA820-FFC5-4614-8DFF-66C641586150}.Default|iPhoneSimulator.Build.0 = Debug|Any CPU
		{44FEA820-FFC5-4614-8DFF-66C641586150}.Default|Mixed Platforms.ActiveCfg = Debug|Any CPU
		{44FEA820-FFC5-4614-8DFF-66C641586150}.Default|Mixed Platforms.Build.0 = Debug|Any CPU
		{44FEA820-FFC5-4614-8DFF-66C641586150}.Release|Any CPU.ActiveCfg = Release|Any CPU
		{44FEA820-FFC5-4614-8DFF-66C641586150}.Release|Any CPU.Build.0 = Release|Any CPU
		{44FEA820-FFC5-4614-8DFF-66C641586150}.Release|iPhone.ActiveCfg = Release|Any CPU
		{44FEA820-FFC5-4614-8DFF-66C641586150}.Release|iPhone.Build.0 = Release|Any CPU
		{44FEA820-FFC5-4614-8DFF-66C641586150}.Release|iPhoneSimulator.ActiveCfg = Release|Any CPU
		{44FEA820-FFC5-4614-8DFF-66C641586150}.Release|iPhoneSimulator.Build.0 = Release|Any CPU
		{44FEA820-FFC5-4614-8DFF-66C641586150}.Release|Mixed Platforms.ActiveCfg = Release|Any CPU
		{44FEA820-FFC5-4614-8DFF-66C641586150}.Release|Mixed Platforms.Build.0 = Release|Any CPU
	EndGlobalSection
	GlobalSection(NestedProjects) = preSolution
		{8EB83090-40C9-4099-8FB0-117D5141D179} = {002792F6-8852-4B94-95BB-5879AF7BE1CA}
		{23BD345E-E004-4848-AC27-4F8F9BCE9D87} = {8EB83090-40C9-4099-8FB0-117D5141D179}
		{A0F8E26A-82E4-43E5-842A-909B469F9E9D} = {8EB83090-40C9-4099-8FB0-117D5141D179}
	EndGlobalSection
	GlobalSection(SolutionProperties) = preSolution
		HideSolutionNode = FALSE
	EndGlobalSection
EndGlobal
