Microsoft Visual Studio Solution File, Format Version 12.00
# Visual Studio 2013
VisualStudioVersion = 12.0.30723.0
MinimumVisualStudioVersion = 10.0.40219.1
Project("{2150E333-8FDC-42A3-9474-1A3956D46DE8}") = "Solution Items", "Solution Items", "{FD65675F-84C7-4DF2-8DEA-231F189BD1C6}"
EndProject
Project("{F2A71F9B-5D33-465A-A702-920D77279786}") = "kido", "kido\kido.fsproj", "{92A04503-19D0-43E1-AEEB-F100A7635D15}"
EndProject
Project("{FAE04EC0-301F-11D3-BF4B-00C04F79EFBC}") = "kido.ios", "kido.ios\kido.ios.csproj", "{AA9BA43A-CAD5-4C71-8C94-F0E4AECDC06A}"
EndProject
Project("{FAE04EC0-301F-11D3-BF4B-00C04F79EFBC}") = "kido.android", "kido.android\kido.android.csproj", "{7A8B0A96-BD82-48A8-A154-0DF0638D019A}"
EndProject
Project("{2150E333-8FDC-42A3-9474-1A3956D46DE8}") = "examples", "examples", "{B1859D32-533F-4B4F-A0BC-0DE18D87D51A}"
EndProject
Project("{2150E333-8FDC-42A3-9474-1A3956D46DE8}") = "datavisualization", "datavisualization", "{832CA5BA-F5A8-4F5A-AC66-2A20B778A864}"
EndProject
Project("{FAE04EC0-301F-11D3-BF4B-00C04F79EFBC}") = "DataVisTouch", "examples\datavisualization\DataVisTouch\DataVisTouch.csproj", "{028CEE5E-10D8-4F98-AB51-679DB85311A7}"
EndProject
Project("{2150E333-8FDC-42A3-9474-1A3956D46DE8}") = ".nuget", ".nuget", "{47E2733B-C2ED-4260-9BE1-B032A9B1ED0E}"
	ProjectSection(SolutionItems) = preProject
		.nuget\NuGet.Config = .nuget\NuGet.Config
		.nuget\NuGet.exe = .nuget\NuGet.exe
		.nuget\NuGet.targets = .nuget\NuGet.targets
	EndProjectSection
EndProject
Project("{2150E333-8FDC-42A3-9474-1A3956D46DE8}") = "portable", "portable", "{57A09C03-350D-4069-B760-329E72E6FBBE}"
EndProject
Project("{FAE04EC0-301F-11D3-BF4B-00C04F79EFBC}") = "WinPhoneDs", "examples\portable\WinPhoneDs\WinPhoneDs.csproj", "{87B9FADB-CA8E-47EE-8FFA-10B1F96D682F}"
EndProject
Project("{FAE04EC0-301F-11D3-BF4B-00C04F79EFBC}") = "DataVisDroid", "examples\datavisualization\DataVisDroid\DataVisDroid.csproj", "{20E0688F-818F-4F4E-BBD2-1C25F9163FFD}"
EndProject
Global
	GlobalSection(SolutionConfigurationPlatforms) = preSolution
		Ad-Hoc|Any CPU = Ad-Hoc|Any CPU
		Ad-Hoc|ARM = Ad-Hoc|ARM
		Ad-Hoc|iPhone = Ad-Hoc|iPhone
		Ad-Hoc|iPhoneSimulator = Ad-Hoc|iPhoneSimulator
		Ad-Hoc|Mixed Platforms = Ad-Hoc|Mixed Platforms
		Ad-Hoc|x64 = Ad-Hoc|x64
		Ad-Hoc|x86 = Ad-Hoc|x86
		AppStore|Any CPU = AppStore|Any CPU
		AppStore|ARM = AppStore|ARM
		AppStore|iPhone = AppStore|iPhone
		AppStore|iPhoneSimulator = AppStore|iPhoneSimulator
		AppStore|Mixed Platforms = AppStore|Mixed Platforms
		AppStore|x64 = AppStore|x64
		AppStore|x86 = AppStore|x86
		Debug|Any CPU = Debug|Any CPU
		Debug|ARM = Debug|ARM
		Debug|iPhone = Debug|iPhone
		Debug|iPhoneSimulator = Debug|iPhoneSimulator
		Debug|Mixed Platforms = Debug|Mixed Platforms
		Debug|x64 = Debug|x64
		Debug|x86 = Debug|x86
		Default|Any CPU = Default|Any CPU
		Default|ARM = Default|ARM
		Default|iPhone = Default|iPhone
		Default|iPhoneSimulator = Default|iPhoneSimulator
		Default|Mixed Platforms = Default|Mixed Platforms
		Default|x64 = Default|x64
		Default|x86 = Default|x86
		Release|Any CPU = Release|Any CPU
		Release|ARM = Release|ARM
		Release|iPhone = Release|iPhone
		Release|iPhoneSimulator = Release|iPhoneSimulator
		Release|Mixed Platforms = Release|Mixed Platforms
		Release|x64 = Release|x64
		Release|x86 = Release|x86
	EndGlobalSection
	GlobalSection(ProjectConfigurationPlatforms) = postSolution
		{92A04503-19D0-43E1-AEEB-F100A7635D15}.Ad-Hoc|Any CPU.ActiveCfg = Release|Any CPU
		{92A04503-19D0-43E1-AEEB-F100A7635D15}.Ad-Hoc|Any CPU.Build.0 = Release|Any CPU
		{92A04503-19D0-43E1-AEEB-F100A7635D15}.Ad-Hoc|ARM.ActiveCfg = Debug|Any CPU
		{92A04503-19D0-43E1-AEEB-F100A7635D15}.Ad-Hoc|iPhone.ActiveCfg = Release|Any CPU
		{92A04503-19D0-43E1-AEEB-F100A7635D15}.Ad-Hoc|iPhoneSimulator.ActiveCfg = Release|Any CPU
		{92A04503-19D0-43E1-AEEB-F100A7635D15}.Ad-Hoc|Mixed Platforms.ActiveCfg = Release|Any CPU
		{92A04503-19D0-43E1-AEEB-F100A7635D15}.Ad-Hoc|Mixed Platforms.Build.0 = Release|Any CPU
		{92A04503-19D0-43E1-AEEB-F100A7635D15}.Ad-Hoc|x64.ActiveCfg = Debug|Any CPU
		{92A04503-19D0-43E1-AEEB-F100A7635D15}.Ad-Hoc|x86.ActiveCfg = Debug|Any CPU
		{92A04503-19D0-43E1-AEEB-F100A7635D15}.AppStore|Any CPU.ActiveCfg = Release|Any CPU
		{92A04503-19D0-43E1-AEEB-F100A7635D15}.AppStore|Any CPU.Build.0 = Release|Any CPU
		{92A04503-19D0-43E1-AEEB-F100A7635D15}.AppStore|ARM.ActiveCfg = Debug|Any CPU
		{92A04503-19D0-43E1-AEEB-F100A7635D15}.AppStore|iPhone.ActiveCfg = Release|Any CPU
		{92A04503-19D0-43E1-AEEB-F100A7635D15}.AppStore|iPhoneSimulator.ActiveCfg = Release|Any CPU
		{92A04503-19D0-43E1-AEEB-F100A7635D15}.AppStore|Mixed Platforms.ActiveCfg = Release|Any CPU
		{92A04503-19D0-43E1-AEEB-F100A7635D15}.AppStore|Mixed Platforms.Build.0 = Release|Any CPU
		{92A04503-19D0-43E1-AEEB-F100A7635D15}.AppStore|x64.ActiveCfg = Debug|Any CPU
		{92A04503-19D0-43E1-AEEB-F100A7635D15}.AppStore|x86.ActiveCfg = Debug|Any CPU
		{92A04503-19D0-43E1-AEEB-F100A7635D15}.Debug|Any CPU.ActiveCfg = Debug|Any CPU
		{92A04503-19D0-43E1-AEEB-F100A7635D15}.Debug|Any CPU.Build.0 = Debug|Any CPU
		{92A04503-19D0-43E1-AEEB-F100A7635D15}.Debug|ARM.ActiveCfg = Debug|Any CPU
		{92A04503-19D0-43E1-AEEB-F100A7635D15}.Debug|iPhone.ActiveCfg = Debug|Any CPU
		{92A04503-19D0-43E1-AEEB-F100A7635D15}.Debug|iPhoneSimulator.ActiveCfg = Debug|Any CPU
		{92A04503-19D0-43E1-AEEB-F100A7635D15}.Debug|Mixed Platforms.ActiveCfg = Debug|Any CPU
		{92A04503-19D0-43E1-AEEB-F100A7635D15}.Debug|Mixed Platforms.Build.0 = Debug|Any CPU
		{92A04503-19D0-43E1-AEEB-F100A7635D15}.Debug|x64.ActiveCfg = Debug|Any CPU
		{92A04503-19D0-43E1-AEEB-F100A7635D15}.Debug|x86.ActiveCfg = Debug|Any CPU
		{92A04503-19D0-43E1-AEEB-F100A7635D15}.Default|Any CPU.ActiveCfg = Debug|Any CPU
		{92A04503-19D0-43E1-AEEB-F100A7635D15}.Default|Any CPU.Build.0 = Debug|Any CPU
		{92A04503-19D0-43E1-AEEB-F100A7635D15}.Default|ARM.ActiveCfg = Debug|Any CPU
		{92A04503-19D0-43E1-AEEB-F100A7635D15}.Default|iPhone.ActiveCfg = Debug|Any CPU
		{92A04503-19D0-43E1-AEEB-F100A7635D15}.Default|iPhoneSimulator.ActiveCfg = Debug|Any CPU
		{92A04503-19D0-43E1-AEEB-F100A7635D15}.Default|Mixed Platforms.ActiveCfg = Debug|Any CPU
		{92A04503-19D0-43E1-AEEB-F100A7635D15}.Default|Mixed Platforms.Build.0 = Debug|Any CPU
		{92A04503-19D0-43E1-AEEB-F100A7635D15}.Default|x64.ActiveCfg = Debug|Any CPU
		{92A04503-19D0-43E1-AEEB-F100A7635D15}.Default|x86.ActiveCfg = Debug|Any CPU
		{92A04503-19D0-43E1-AEEB-F100A7635D15}.Release|Any CPU.ActiveCfg = Release|Any CPU
		{92A04503-19D0-43E1-AEEB-F100A7635D15}.Release|Any CPU.Build.0 = Release|Any CPU
		{92A04503-19D0-43E1-AEEB-F100A7635D15}.Release|ARM.ActiveCfg = Release|Any CPU
		{92A04503-19D0-43E1-AEEB-F100A7635D15}.Release|iPhone.ActiveCfg = Release|Any CPU
		{92A04503-19D0-43E1-AEEB-F100A7635D15}.Release|iPhoneSimulator.ActiveCfg = Release|Any CPU
		{92A04503-19D0-43E1-AEEB-F100A7635D15}.Release|Mixed Platforms.ActiveCfg = Release|Any CPU
		{92A04503-19D0-43E1-AEEB-F100A7635D15}.Release|Mixed Platforms.Build.0 = Release|Any CPU
		{92A04503-19D0-43E1-AEEB-F100A7635D15}.Release|x64.ActiveCfg = Release|Any CPU
		{92A04503-19D0-43E1-AEEB-F100A7635D15}.Release|x86.ActiveCfg = Release|Any CPU
		{AA9BA43A-CAD5-4C71-8C94-F0E4AECDC06A}.Ad-Hoc|Any CPU.ActiveCfg = Release|Any CPU
		{AA9BA43A-CAD5-4C71-8C94-F0E4AECDC06A}.Ad-Hoc|Any CPU.Build.0 = Release|Any CPU
		{AA9BA43A-CAD5-4C71-8C94-F0E4AECDC06A}.Ad-Hoc|ARM.ActiveCfg = Debug|Any CPU
		{AA9BA43A-CAD5-4C71-8C94-F0E4AECDC06A}.Ad-Hoc|iPhone.ActiveCfg = Release|Any CPU
		{AA9BA43A-CAD5-4C71-8C94-F0E4AECDC06A}.Ad-Hoc|iPhone.Build.0 = Release|Any CPU
		{AA9BA43A-CAD5-4C71-8C94-F0E4AECDC06A}.Ad-Hoc|iPhoneSimulator.ActiveCfg = Release|Any CPU
		{AA9BA43A-CAD5-4C71-8C94-F0E4AECDC06A}.Ad-Hoc|iPhoneSimulator.Build.0 = Release|Any CPU
		{AA9BA43A-CAD5-4C71-8C94-F0E4AECDC06A}.Ad-Hoc|Mixed Platforms.ActiveCfg = Release|Any CPU
		{AA9BA43A-CAD5-4C71-8C94-F0E4AECDC06A}.Ad-Hoc|Mixed Platforms.Build.0 = Release|Any CPU
		{AA9BA43A-CAD5-4C71-8C94-F0E4AECDC06A}.Ad-Hoc|x64.ActiveCfg = Debug|Any CPU
		{AA9BA43A-CAD5-4C71-8C94-F0E4AECDC06A}.Ad-Hoc|x86.ActiveCfg = Debug|Any CPU
		{AA9BA43A-CAD5-4C71-8C94-F0E4AECDC06A}.AppStore|Any CPU.ActiveCfg = Release|Any CPU
		{AA9BA43A-CAD5-4C71-8C94-F0E4AECDC06A}.AppStore|Any CPU.Build.0 = Release|Any CPU
		{AA9BA43A-CAD5-4C71-8C94-F0E4AECDC06A}.AppStore|ARM.ActiveCfg = Debug|Any CPU
		{AA9BA43A-CAD5-4C71-8C94-F0E4AECDC06A}.AppStore|iPhone.ActiveCfg = Release|Any CPU
		{AA9BA43A-CAD5-4C71-8C94-F0E4AECDC06A}.AppStore|iPhone.Build.0 = Release|Any CPU
		{AA9BA43A-CAD5-4C71-8C94-F0E4AECDC06A}.AppStore|iPhoneSimulator.ActiveCfg = Release|Any CPU
		{AA9BA43A-CAD5-4C71-8C94-F0E4AECDC06A}.AppStore|iPhoneSimulator.Build.0 = Release|Any CPU
		{AA9BA43A-CAD5-4C71-8C94-F0E4AECDC06A}.AppStore|Mixed Platforms.ActiveCfg = Release|Any CPU
		{AA9BA43A-CAD5-4C71-8C94-F0E4AECDC06A}.AppStore|Mixed Platforms.Build.0 = Release|Any CPU
		{AA9BA43A-CAD5-4C71-8C94-F0E4AECDC06A}.AppStore|x64.ActiveCfg = Debug|Any CPU
		{AA9BA43A-CAD5-4C71-8C94-F0E4AECDC06A}.AppStore|x86.ActiveCfg = Debug|Any CPU
		{AA9BA43A-CAD5-4C71-8C94-F0E4AECDC06A}.Debug|Any CPU.ActiveCfg = Debug|Any CPU
		{AA9BA43A-CAD5-4C71-8C94-F0E4AECDC06A}.Debug|Any CPU.Build.0 = Debug|Any CPU
		{AA9BA43A-CAD5-4C71-8C94-F0E4AECDC06A}.Debug|ARM.ActiveCfg = Debug|Any CPU
		{AA9BA43A-CAD5-4C71-8C94-F0E4AECDC06A}.Debug|iPhone.ActiveCfg = Debug|Any CPU
		{AA9BA43A-CAD5-4C71-8C94-F0E4AECDC06A}.Debug|iPhone.Build.0 = Debug|Any CPU
		{AA9BA43A-CAD5-4C71-8C94-F0E4AECDC06A}.Debug|iPhoneSimulator.ActiveCfg = Debug|Any CPU
		{AA9BA43A-CAD5-4C71-8C94-F0E4AECDC06A}.Debug|iPhoneSimulator.Build.0 = Debug|Any CPU
		{AA9BA43A-CAD5-4C71-8C94-F0E4AECDC06A}.Debug|Mixed Platforms.ActiveCfg = Debug|Any CPU
		{AA9BA43A-CAD5-4C71-8C94-F0E4AECDC06A}.Debug|Mixed Platforms.Build.0 = Debug|Any CPU
		{AA9BA43A-CAD5-4C71-8C94-F0E4AECDC06A}.Debug|x64.ActiveCfg = Debug|Any CPU
		{AA9BA43A-CAD5-4C71-8C94-F0E4AECDC06A}.Debug|x86.ActiveCfg = Debug|Any CPU
		{AA9BA43A-CAD5-4C71-8C94-F0E4AECDC06A}.Default|Any CPU.ActiveCfg = Debug|Any CPU
		{AA9BA43A-CAD5-4C71-8C94-F0E4AECDC06A}.Default|Any CPU.Build.0 = Debug|Any CPU
		{AA9BA43A-CAD5-4C71-8C94-F0E4AECDC06A}.Default|ARM.ActiveCfg = Debug|Any CPU
		{AA9BA43A-CAD5-4C71-8C94-F0E4AECDC06A}.Default|iPhone.ActiveCfg = Debug|Any CPU
		{AA9BA43A-CAD5-4C71-8C94-F0E4AECDC06A}.Default|iPhoneSimulator.ActiveCfg = Debug|Any CPU
		{AA9BA43A-CAD5-4C71-8C94-F0E4AECDC06A}.Default|Mixed Platforms.ActiveCfg = Debug|Any CPU
		{AA9BA43A-CAD5-4C71-8C94-F0E4AECDC06A}.Default|Mixed Platforms.Build.0 = Debug|Any CPU
		{AA9BA43A-CAD5-4C71-8C94-F0E4AECDC06A}.Default|x64.ActiveCfg = Debug|Any CPU
		{AA9BA43A-CAD5-4C71-8C94-F0E4AECDC06A}.Default|x86.ActiveCfg = Debug|Any CPU
		{AA9BA43A-CAD5-4C71-8C94-F0E4AECDC06A}.Release|Any CPU.ActiveCfg = Release|Any CPU
		{AA9BA43A-CAD5-4C71-8C94-F0E4AECDC06A}.Release|Any CPU.Build.0 = Release|Any CPU
		{AA9BA43A-CAD5-4C71-8C94-F0E4AECDC06A}.Release|ARM.ActiveCfg = Release|Any CPU
		{AA9BA43A-CAD5-4C71-8C94-F0E4AECDC06A}.Release|iPhone.ActiveCfg = Release|Any CPU
		{AA9BA43A-CAD5-4C71-8C94-F0E4AECDC06A}.Release|iPhone.Build.0 = Release|Any CPU
		{AA9BA43A-CAD5-4C71-8C94-F0E4AECDC06A}.Release|iPhoneSimulator.ActiveCfg = Release|Any CPU
		{AA9BA43A-CAD5-4C71-8C94-F0E4AECDC06A}.Release|iPhoneSimulator.Build.0 = Release|Any CPU
		{AA9BA43A-CAD5-4C71-8C94-F0E4AECDC06A}.Release|Mixed Platforms.ActiveCfg = Release|Any CPU
		{AA9BA43A-CAD5-4C71-8C94-F0E4AECDC06A}.Release|Mixed Platforms.Build.0 = Release|Any CPU
		{AA9BA43A-CAD5-4C71-8C94-F0E4AECDC06A}.Release|x64.ActiveCfg = Release|Any CPU
		{AA9BA43A-CAD5-4C71-8C94-F0E4AECDC06A}.Release|x86.ActiveCfg = Release|Any CPU
		{7A8B0A96-BD82-48A8-A154-0DF0638D019A}.Ad-Hoc|Any CPU.ActiveCfg = Release|Any CPU
		{7A8B0A96-BD82-48A8-A154-0DF0638D019A}.Ad-Hoc|Any CPU.Build.0 = Release|Any CPU
		{7A8B0A96-BD82-48A8-A154-0DF0638D019A}.Ad-Hoc|ARM.ActiveCfg = Debug|Any CPU
		{7A8B0A96-BD82-48A8-A154-0DF0638D019A}.Ad-Hoc|iPhone.ActiveCfg = Release|Any CPU
		{7A8B0A96-BD82-48A8-A154-0DF0638D019A}.Ad-Hoc|iPhone.Build.0 = Release|Any CPU
		{7A8B0A96-BD82-48A8-A154-0DF0638D019A}.Ad-Hoc|iPhoneSimulator.ActiveCfg = Release|Any CPU
		{7A8B0A96-BD82-48A8-A154-0DF0638D019A}.Ad-Hoc|iPhoneSimulator.Build.0 = Release|Any CPU
		{7A8B0A96-BD82-48A8-A154-0DF0638D019A}.Ad-Hoc|Mixed Platforms.ActiveCfg = Release|Any CPU
		{7A8B0A96-BD82-48A8-A154-0DF0638D019A}.Ad-Hoc|Mixed Platforms.Build.0 = Release|Any CPU
		{7A8B0A96-BD82-48A8-A154-0DF0638D019A}.Ad-Hoc|x64.ActiveCfg = Debug|Any CPU
		{7A8B0A96-BD82-48A8-A154-0DF0638D019A}.Ad-Hoc|x86.ActiveCfg = Debug|Any CPU
		{7A8B0A96-BD82-48A8-A154-0DF0638D019A}.AppStore|Any CPU.ActiveCfg = Release|Any CPU
		{7A8B0A96-BD82-48A8-A154-0DF0638D019A}.AppStore|Any CPU.Build.0 = Release|Any CPU
		{7A8B0A96-BD82-48A8-A154-0DF0638D019A}.AppStore|ARM.ActiveCfg = Debug|Any CPU
		{7A8B0A96-BD82-48A8-A154-0DF0638D019A}.AppStore|iPhone.ActiveCfg = Release|Any CPU
		{7A8B0A96-BD82-48A8-A154-0DF0638D019A}.AppStore|iPhone.Build.0 = Release|Any CPU
		{7A8B0A96-BD82-48A8-A154-0DF0638D019A}.AppStore|iPhoneSimulator.ActiveCfg = Release|Any CPU
		{7A8B0A96-BD82-48A8-A154-0DF0638D019A}.AppStore|iPhoneSimulator.Build.0 = Release|Any CPU
		{7A8B0A96-BD82-48A8-A154-0DF0638D019A}.AppStore|Mixed Platforms.ActiveCfg = Release|Any CPU
		{7A8B0A96-BD82-48A8-A154-0DF0638D019A}.AppStore|Mixed Platforms.Build.0 = Release|Any CPU
		{7A8B0A96-BD82-48A8-A154-0DF0638D019A}.AppStore|x64.ActiveCfg = Debug|Any CPU
		{7A8B0A96-BD82-48A8-A154-0DF0638D019A}.AppStore|x86.ActiveCfg = Debug|Any CPU
		{7A8B0A96-BD82-48A8-A154-0DF0638D019A}.Debug|Any CPU.ActiveCfg = Debug|Any CPU
		{7A8B0A96-BD82-48A8-A154-0DF0638D019A}.Debug|Any CPU.Build.0 = Debug|Any CPU
		{7A8B0A96-BD82-48A8-A154-0DF0638D019A}.Debug|ARM.ActiveCfg = Debug|Any CPU
		{7A8B0A96-BD82-48A8-A154-0DF0638D019A}.Debug|iPhone.ActiveCfg = Debug|Any CPU
		{7A8B0A96-BD82-48A8-A154-0DF0638D019A}.Debug|iPhone.Build.0 = Debug|Any CPU
		{7A8B0A96-BD82-48A8-A154-0DF0638D019A}.Debug|iPhoneSimulator.ActiveCfg = Debug|Any CPU
		{7A8B0A96-BD82-48A8-A154-0DF0638D019A}.Debug|iPhoneSimulator.Build.0 = Debug|Any CPU
		{7A8B0A96-BD82-48A8-A154-0DF0638D019A}.Debug|Mixed Platforms.ActiveCfg = Debug|Any CPU
		{7A8B0A96-BD82-48A8-A154-0DF0638D019A}.Debug|Mixed Platforms.Build.0 = Debug|Any CPU
		{7A8B0A96-BD82-48A8-A154-0DF0638D019A}.Debug|x64.ActiveCfg = Debug|Any CPU
		{7A8B0A96-BD82-48A8-A154-0DF0638D019A}.Debug|x86.ActiveCfg = Debug|Any CPU
		{7A8B0A96-BD82-48A8-A154-0DF0638D019A}.Default|Any CPU.ActiveCfg = Debug|Any CPU
		{7A8B0A96-BD82-48A8-A154-0DF0638D019A}.Default|Any CPU.Build.0 = Debug|Any CPU
		{7A8B0A96-BD82-48A8-A154-0DF0638D019A}.Default|ARM.ActiveCfg = Debug|Any CPU
		{7A8B0A96-BD82-48A8-A154-0DF0638D019A}.Default|iPhone.ActiveCfg = Debug|Any CPU
		{7A8B0A96-BD82-48A8-A154-0DF0638D019A}.Default|iPhoneSimulator.ActiveCfg = Debug|Any CPU
		{7A8B0A96-BD82-48A8-A154-0DF0638D019A}.Default|Mixed Platforms.ActiveCfg = Debug|Any CPU
		{7A8B0A96-BD82-48A8-A154-0DF0638D019A}.Default|Mixed Platforms.Build.0 = Debug|Any CPU
		{7A8B0A96-BD82-48A8-A154-0DF0638D019A}.Default|x64.ActiveCfg = Debug|Any CPU
		{7A8B0A96-BD82-48A8-A154-0DF0638D019A}.Default|x86.ActiveCfg = Debug|Any CPU
		{7A8B0A96-BD82-48A8-A154-0DF0638D019A}.Release|Any CPU.ActiveCfg = Release|Any CPU
		{7A8B0A96-BD82-48A8-A154-0DF0638D019A}.Release|Any CPU.Build.0 = Release|Any CPU
		{7A8B0A96-BD82-48A8-A154-0DF0638D019A}.Release|ARM.ActiveCfg = Release|Any CPU
		{7A8B0A96-BD82-48A8-A154-0DF0638D019A}.Release|iPhone.ActiveCfg = Release|Any CPU
		{7A8B0A96-BD82-48A8-A154-0DF0638D019A}.Release|iPhone.Build.0 = Release|Any CPU
		{7A8B0A96-BD82-48A8-A154-0DF0638D019A}.Release|iPhoneSimulator.ActiveCfg = Release|Any CPU
		{7A8B0A96-BD82-48A8-A154-0DF0638D019A}.Release|iPhoneSimulator.Build.0 = Release|Any CPU
		{7A8B0A96-BD82-48A8-A154-0DF0638D019A}.Release|Mixed Platforms.ActiveCfg = Release|Any CPU
		{7A8B0A96-BD82-48A8-A154-0DF0638D019A}.Release|Mixed Platforms.Build.0 = Release|Any CPU
		{7A8B0A96-BD82-48A8-A154-0DF0638D019A}.Release|x64.ActiveCfg = Release|Any CPU
		{7A8B0A96-BD82-48A8-A154-0DF0638D019A}.Release|x86.ActiveCfg = Release|Any CPU
		{028CEE5E-10D8-4F98-AB51-679DB85311A7}.Ad-Hoc|Any CPU.ActiveCfg = Ad-Hoc|iPhone
		{028CEE5E-10D8-4F98-AB51-679DB85311A7}.Ad-Hoc|Any CPU.Build.0 = Ad-Hoc|iPhone
		{028CEE5E-10D8-4F98-AB51-679DB85311A7}.Ad-Hoc|ARM.ActiveCfg = Ad-Hoc|iPhoneSimulator
		{028CEE5E-10D8-4F98-AB51-679DB85311A7}.Ad-Hoc|iPhone.ActiveCfg = Ad-Hoc|iPhone
		{028CEE5E-10D8-4F98-AB51-679DB85311A7}.Ad-Hoc|iPhone.Build.0 = Ad-Hoc|iPhone
		{028CEE5E-10D8-4F98-AB51-679DB85311A7}.Ad-Hoc|iPhoneSimulator.ActiveCfg = Debug|iPhoneSimulator
		{028CEE5E-10D8-4F98-AB51-679DB85311A7}.Ad-Hoc|iPhoneSimulator.Build.0 = Debug|iPhoneSimulator
		{028CEE5E-10D8-4F98-AB51-679DB85311A7}.Ad-Hoc|Mixed Platforms.ActiveCfg = Ad-Hoc|iPhone
		{028CEE5E-10D8-4F98-AB51-679DB85311A7}.Ad-Hoc|Mixed Platforms.Build.0 = Ad-Hoc|iPhone
		{028CEE5E-10D8-4F98-AB51-679DB85311A7}.Ad-Hoc|x64.ActiveCfg = Ad-Hoc|iPhoneSimulator
		{028CEE5E-10D8-4F98-AB51-679DB85311A7}.Ad-Hoc|x86.ActiveCfg = Ad-Hoc|iPhoneSimulator
		{028CEE5E-10D8-4F98-AB51-679DB85311A7}.AppStore|Any CPU.ActiveCfg = AppStore|iPhone
		{028CEE5E-10D8-4F98-AB51-679DB85311A7}.AppStore|Any CPU.Build.0 = AppStore|iPhone
		{028CEE5E-10D8-4F98-AB51-679DB85311A7}.AppStore|ARM.ActiveCfg = AppStore|iPhoneSimulator
		{028CEE5E-10D8-4F98-AB51-679DB85311A7}.AppStore|iPhone.ActiveCfg = AppStore|iPhone
		{028CEE5E-10D8-4F98-AB51-679DB85311A7}.AppStore|iPhone.Build.0 = AppStore|iPhone
		{028CEE5E-10D8-4F98-AB51-679DB85311A7}.AppStore|iPhoneSimulator.ActiveCfg = Debug|iPhoneSimulator
		{028CEE5E-10D8-4F98-AB51-679DB85311A7}.AppStore|iPhoneSimulator.Build.0 = Debug|iPhoneSimulator
		{028CEE5E-10D8-4F98-AB51-679DB85311A7}.AppStore|Mixed Platforms.ActiveCfg = AppStore|iPhone
		{028CEE5E-10D8-4F98-AB51-679DB85311A7}.AppStore|Mixed Platforms.Build.0 = AppStore|iPhone
		{028CEE5E-10D8-4F98-AB51-679DB85311A7}.AppStore|x64.ActiveCfg = AppStore|iPhoneSimulator
		{028CEE5E-10D8-4F98-AB51-679DB85311A7}.AppStore|x86.ActiveCfg = AppStore|iPhoneSimulator
		{028CEE5E-10D8-4F98-AB51-679DB85311A7}.Debug|Any CPU.ActiveCfg = Debug|iPhoneSimulator
		{028CEE5E-10D8-4F98-AB51-679DB85311A7}.Debug|Any CPU.Build.0 = Debug|iPhoneSimulator
		{028CEE5E-10D8-4F98-AB51-679DB85311A7}.Debug|ARM.ActiveCfg = Debug|iPhone
		{028CEE5E-10D8-4F98-AB51-679DB85311A7}.Debug|iPhone.ActiveCfg = Debug|iPhone
		{028CEE5E-10D8-4F98-AB51-679DB85311A7}.Debug|iPhone.Build.0 = Debug|iPhone
		{028CEE5E-10D8-4F98-AB51-679DB85311A7}.Debug|iPhoneSimulator.ActiveCfg = Debug|iPhoneSimulator
		{028CEE5E-10D8-4F98-AB51-679DB85311A7}.Debug|iPhoneSimulator.Build.0 = Debug|iPhoneSimulator
		{028CEE5E-10D8-4F98-AB51-679DB85311A7}.Debug|Mixed Platforms.ActiveCfg = Debug|iPhoneSimulator
		{028CEE5E-10D8-4F98-AB51-679DB85311A7}.Debug|Mixed Platforms.Build.0 = Debug|iPhoneSimulator
		{028CEE5E-10D8-4F98-AB51-679DB85311A7}.Debug|x64.ActiveCfg = Debug|iPhone
		{028CEE5E-10D8-4F98-AB51-679DB85311A7}.Debug|x86.ActiveCfg = Debug|iPhone
		{028CEE5E-10D8-4F98-AB51-679DB85311A7}.Default|Any CPU.ActiveCfg = Debug|iPhoneSimulator
		{028CEE5E-10D8-4F98-AB51-679DB85311A7}.Default|Any CPU.Build.0 = Debug|iPhoneSimulator
		{028CEE5E-10D8-4F98-AB51-679DB85311A7}.Default|ARM.ActiveCfg = Debug|iPhone
		{028CEE5E-10D8-4F98-AB51-679DB85311A7}.Default|iPhone.ActiveCfg = Debug|iPhone
		{028CEE5E-10D8-4F98-AB51-679DB85311A7}.Default|iPhone.Build.0 = Debug|iPhone
		{028CEE5E-10D8-4F98-AB51-679DB85311A7}.Default|iPhoneSimulator.ActiveCfg = Debug|iPhoneSimulator
		{028CEE5E-10D8-4F98-AB51-679DB85311A7}.Default|iPhoneSimulator.Build.0 = Debug|iPhoneSimulator
		{028CEE5E-10D8-4F98-AB51-679DB85311A7}.Default|Mixed Platforms.ActiveCfg = Debug|iPhone
		{028CEE5E-10D8-4F98-AB51-679DB85311A7}.Default|Mixed Platforms.Build.0 = Debug|iPhone
		{028CEE5E-10D8-4F98-AB51-679DB85311A7}.Default|x64.ActiveCfg = Debug|iPhone
		{028CEE5E-10D8-4F98-AB51-679DB85311A7}.Default|x86.ActiveCfg = Debug|iPhone
		{028CEE5E-10D8-4F98-AB51-679DB85311A7}.Release|Any CPU.ActiveCfg = Release|iPhoneSimulator
		{028CEE5E-10D8-4F98-AB51-679DB85311A7}.Release|Any CPU.Build.0 = Release|iPhoneSimulator
		{028CEE5E-10D8-4F98-AB51-679DB85311A7}.Release|ARM.ActiveCfg = Release|iPhone
		{028CEE5E-10D8-4F98-AB51-679DB85311A7}.Release|iPhone.ActiveCfg = Release|iPhone
		{028CEE5E-10D8-4F98-AB51-679DB85311A7}.Release|iPhone.Build.0 = Release|iPhone
		{028CEE5E-10D8-4F98-AB51-679DB85311A7}.Release|iPhoneSimulator.ActiveCfg = Release|iPhoneSimulator
		{028CEE5E-10D8-4F98-AB51-679DB85311A7}.Release|iPhoneSimulator.Build.0 = Release|iPhoneSimulator
		{028CEE5E-10D8-4F98-AB51-679DB85311A7}.Release|Mixed Platforms.ActiveCfg = Release|iPhoneSimulator
		{028CEE5E-10D8-4F98-AB51-679DB85311A7}.Release|Mixed Platforms.Build.0 = Release|iPhoneSimulator
		{028CEE5E-10D8-4F98-AB51-679DB85311A7}.Release|x64.ActiveCfg = Release|iPhone
		{028CEE5E-10D8-4F98-AB51-679DB85311A7}.Release|x86.ActiveCfg = Release|iPhone
		{87B9FADB-CA8E-47EE-8FFA-10B1F96D682F}.Ad-Hoc|Any CPU.ActiveCfg = Release|Any CPU
		{87B9FADB-CA8E-47EE-8FFA-10B1F96D682F}.Ad-Hoc|Any CPU.Build.0 = Release|Any CPU
		{87B9FADB-CA8E-47EE-8FFA-10B1F96D682F}.Ad-Hoc|Any CPU.Deploy.0 = Release|Any CPU
		{87B9FADB-CA8E-47EE-8FFA-10B1F96D682F}.Ad-Hoc|ARM.ActiveCfg = Release|ARM
		{87B9FADB-CA8E-47EE-8FFA-10B1F96D682F}.Ad-Hoc|ARM.Build.0 = Release|ARM
		{87B9FADB-CA8E-47EE-8FFA-10B1F96D682F}.Ad-Hoc|ARM.Deploy.0 = Release|ARM
		{87B9FADB-CA8E-47EE-8FFA-10B1F96D682F}.Ad-Hoc|iPhone.ActiveCfg = Release|Any CPU
		{87B9FADB-CA8E-47EE-8FFA-10B1F96D682F}.Ad-Hoc|iPhoneSimulator.ActiveCfg = Release|Any CPU
		{87B9FADB-CA8E-47EE-8FFA-10B1F96D682F}.Ad-Hoc|Mixed Platforms.ActiveCfg = Release|x86
		{87B9FADB-CA8E-47EE-8FFA-10B1F96D682F}.Ad-Hoc|Mixed Platforms.Build.0 = Release|x86
		{87B9FADB-CA8E-47EE-8FFA-10B1F96D682F}.Ad-Hoc|Mixed Platforms.Deploy.0 = Release|x86
		{87B9FADB-CA8E-47EE-8FFA-10B1F96D682F}.Ad-Hoc|x64.ActiveCfg = Release|Any CPU
		{87B9FADB-CA8E-47EE-8FFA-10B1F96D682F}.Ad-Hoc|x86.ActiveCfg = Release|x86
		{87B9FADB-CA8E-47EE-8FFA-10B1F96D682F}.Ad-Hoc|x86.Build.0 = Release|x86
		{87B9FADB-CA8E-47EE-8FFA-10B1F96D682F}.Ad-Hoc|x86.Deploy.0 = Release|x86
		{87B9FADB-CA8E-47EE-8FFA-10B1F96D682F}.AppStore|Any CPU.ActiveCfg = Release|Any CPU
		{87B9FADB-CA8E-47EE-8FFA-10B1F96D682F}.AppStore|Any CPU.Build.0 = Release|Any CPU
		{87B9FADB-CA8E-47EE-8FFA-10B1F96D682F}.AppStore|Any CPU.Deploy.0 = Release|Any CPU
		{87B9FADB-CA8E-47EE-8FFA-10B1F96D682F}.AppStore|ARM.ActiveCfg = Release|ARM
		{87B9FADB-CA8E-47EE-8FFA-10B1F96D682F}.AppStore|ARM.Build.0 = Release|ARM
		{87B9FADB-CA8E-47EE-8FFA-10B1F96D682F}.AppStore|ARM.Deploy.0 = Release|ARM
		{87B9FADB-CA8E-47EE-8FFA-10B1F96D682F}.AppStore|iPhone.ActiveCfg = Release|Any CPU
		{87B9FADB-CA8E-47EE-8FFA-10B1F96D682F}.AppStore|iPhoneSimulator.ActiveCfg = Release|Any CPU
		{87B9FADB-CA8E-47EE-8FFA-10B1F96D682F}.AppStore|Mixed Platforms.ActiveCfg = Release|x86
		{87B9FADB-CA8E-47EE-8FFA-10B1F96D682F}.AppStore|Mixed Platforms.Build.0 = Release|x86
		{87B9FADB-CA8E-47EE-8FFA-10B1F96D682F}.AppStore|Mixed Platforms.Deploy.0 = Release|x86
		{87B9FADB-CA8E-47EE-8FFA-10B1F96D682F}.AppStore|x64.ActiveCfg = Release|Any CPU
		{87B9FADB-CA8E-47EE-8FFA-10B1F96D682F}.AppStore|x86.ActiveCfg = Release|x86
		{87B9FADB-CA8E-47EE-8FFA-10B1F96D682F}.AppStore|x86.Build.0 = Release|x86
		{87B9FADB-CA8E-47EE-8FFA-10B1F96D682F}.AppStore|x86.Deploy.0 = Release|x86
		{87B9FADB-CA8E-47EE-8FFA-10B1F96D682F}.Debug|Any CPU.ActiveCfg = Debug|Any CPU
		{87B9FADB-CA8E-47EE-8FFA-10B1F96D682F}.Debug|Any CPU.Build.0 = Debug|Any CPU
		{87B9FADB-CA8E-47EE-8FFA-10B1F96D682F}.Debug|Any CPU.Deploy.0 = Debug|Any CPU
		{87B9FADB-CA8E-47EE-8FFA-10B1F96D682F}.Debug|ARM.ActiveCfg = Debug|ARM
		{87B9FADB-CA8E-47EE-8FFA-10B1F96D682F}.Debug|ARM.Build.0 = Debug|ARM
		{87B9FADB-CA8E-47EE-8FFA-10B1F96D682F}.Debug|ARM.Deploy.0 = Debug|ARM
		{87B9FADB-CA8E-47EE-8FFA-10B1F96D682F}.Debug|iPhone.ActiveCfg = Debug|Any CPU
		{87B9FADB-CA8E-47EE-8FFA-10B1F96D682F}.Debug|iPhoneSimulator.ActiveCfg = Debug|Any CPU
		{87B9FADB-CA8E-47EE-8FFA-10B1F96D682F}.Debug|Mixed Platforms.ActiveCfg = Debug|x86
		{87B9FADB-CA8E-47EE-8FFA-10B1F96D682F}.Debug|Mixed Platforms.Build.0 = Debug|x86
		{87B9FADB-CA8E-47EE-8FFA-10B1F96D682F}.Debug|Mixed Platforms.Deploy.0 = Debug|x86
		{87B9FADB-CA8E-47EE-8FFA-10B1F96D682F}.Debug|x64.ActiveCfg = Debug|Any CPU
		{87B9FADB-CA8E-47EE-8FFA-10B1F96D682F}.Debug|x86.ActiveCfg = Debug|x86
		{87B9FADB-CA8E-47EE-8FFA-10B1F96D682F}.Debug|x86.Build.0 = Debug|x86
		{87B9FADB-CA8E-47EE-8FFA-10B1F96D682F}.Debug|x86.Deploy.0 = Debug|x86
		{87B9FADB-CA8E-47EE-8FFA-10B1F96D682F}.Default|Any CPU.ActiveCfg = Debug|Any CPU
		{87B9FADB-CA8E-47EE-8FFA-10B1F96D682F}.Default|Any CPU.Build.0 = Debug|Any CPU
		{87B9FADB-CA8E-47EE-8FFA-10B1F96D682F}.Default|Any CPU.Deploy.0 = Debug|Any CPU
		{87B9FADB-CA8E-47EE-8FFA-10B1F96D682F}.Default|ARM.ActiveCfg = Debug|ARM
		{87B9FADB-CA8E-47EE-8FFA-10B1F96D682F}.Default|ARM.Build.0 = Debug|ARM
		{87B9FADB-CA8E-47EE-8FFA-10B1F96D682F}.Default|ARM.Deploy.0 = Debug|ARM
		{87B9FADB-CA8E-47EE-8FFA-10B1F96D682F}.Default|iPhone.ActiveCfg = Debug|Any CPU
		{87B9FADB-CA8E-47EE-8FFA-10B1F96D682F}.Default|iPhoneSimulator.ActiveCfg = Debug|Any CPU
		{87B9FADB-CA8E-47EE-8FFA-10B1F96D682F}.Default|Mixed Platforms.ActiveCfg = Debug|x86
		{87B9FADB-CA8E-47EE-8FFA-10B1F96D682F}.Default|Mixed Platforms.Build.0 = Debug|x86
		{87B9FADB-CA8E-47EE-8FFA-10B1F96D682F}.Default|Mixed Platforms.Deploy.0 = Debug|x86
		{87B9FADB-CA8E-47EE-8FFA-10B1F96D682F}.Default|x64.ActiveCfg = Debug|Any CPU
		{87B9FADB-CA8E-47EE-8FFA-10B1F96D682F}.Default|x86.ActiveCfg = Debug|x86
		{87B9FADB-CA8E-47EE-8FFA-10B1F96D682F}.Default|x86.Build.0 = Debug|x86
		{87B9FADB-CA8E-47EE-8FFA-10B1F96D682F}.Default|x86.Deploy.0 = Debug|x86
		{87B9FADB-CA8E-47EE-8FFA-10B1F96D682F}.Release|Any CPU.ActiveCfg = Release|Any CPU
		{87B9FADB-CA8E-47EE-8FFA-10B1F96D682F}.Release|Any CPU.Build.0 = Release|Any CPU
		{87B9FADB-CA8E-47EE-8FFA-10B1F96D682F}.Release|Any CPU.Deploy.0 = Release|Any CPU
		{87B9FADB-CA8E-47EE-8FFA-10B1F96D682F}.Release|ARM.ActiveCfg = Release|ARM
		{87B9FADB-CA8E-47EE-8FFA-10B1F96D682F}.Release|ARM.Build.0 = Release|ARM
		{87B9FADB-CA8E-47EE-8FFA-10B1F96D682F}.Release|ARM.Deploy.0 = Release|ARM
		{87B9FADB-CA8E-47EE-8FFA-10B1F96D682F}.Release|iPhone.ActiveCfg = Release|Any CPU
		{87B9FADB-CA8E-47EE-8FFA-10B1F96D682F}.Release|iPhoneSimulator.ActiveCfg = Release|Any CPU
		{87B9FADB-CA8E-47EE-8FFA-10B1F96D682F}.Release|Mixed Platforms.ActiveCfg = Release|x86
		{87B9FADB-CA8E-47EE-8FFA-10B1F96D682F}.Release|Mixed Platforms.Build.0 = Release|x86
		{87B9FADB-CA8E-47EE-8FFA-10B1F96D682F}.Release|Mixed Platforms.Deploy.0 = Release|x86
		{87B9FADB-CA8E-47EE-8FFA-10B1F96D682F}.Release|x64.ActiveCfg = Release|Any CPU
		{87B9FADB-CA8E-47EE-8FFA-10B1F96D682F}.Release|x86.ActiveCfg = Release|x86
		{87B9FADB-CA8E-47EE-8FFA-10B1F96D682F}.Release|x86.Build.0 = Release|x86
		{87B9FADB-CA8E-47EE-8FFA-10B1F96D682F}.Release|x86.Deploy.0 = Release|x86
		{20E0688F-818F-4F4E-BBD2-1C25F9163FFD}.Ad-Hoc|Any CPU.ActiveCfg = Release|Any CPU
		{20E0688F-818F-4F4E-BBD2-1C25F9163FFD}.Ad-Hoc|Any CPU.Build.0 = Release|Any CPU
		{20E0688F-818F-4F4E-BBD2-1C25F9163FFD}.Ad-Hoc|Any CPU.Deploy.0 = Release|Any CPU
		{20E0688F-818F-4F4E-BBD2-1C25F9163FFD}.Ad-Hoc|ARM.ActiveCfg = Release|Any CPU
		{20E0688F-818F-4F4E-BBD2-1C25F9163FFD}.Ad-Hoc|iPhone.ActiveCfg = Release|Any CPU
		{20E0688F-818F-4F4E-BBD2-1C25F9163FFD}.Ad-Hoc|iPhoneSimulator.ActiveCfg = Release|Any CPU
		{20E0688F-818F-4F4E-BBD2-1C25F9163FFD}.Ad-Hoc|Mixed Platforms.ActiveCfg = Release|Any CPU
		{20E0688F-818F-4F4E-BBD2-1C25F9163FFD}.Ad-Hoc|Mixed Platforms.Build.0 = Release|Any CPU
		{20E0688F-818F-4F4E-BBD2-1C25F9163FFD}.Ad-Hoc|Mixed Platforms.Deploy.0 = Release|Any CPU
		{20E0688F-818F-4F4E-BBD2-1C25F9163FFD}.Ad-Hoc|x64.ActiveCfg = Release|Any CPU
		{20E0688F-818F-4F4E-BBD2-1C25F9163FFD}.Ad-Hoc|x86.ActiveCfg = Release|Any CPU
		{20E0688F-818F-4F4E-BBD2-1C25F9163FFD}.AppStore|Any CPU.ActiveCfg = Release|Any CPU
		{20E0688F-818F-4F4E-BBD2-1C25F9163FFD}.AppStore|Any CPU.Build.0 = Release|Any CPU
		{20E0688F-818F-4F4E-BBD2-1C25F9163FFD}.AppStore|Any CPU.Deploy.0 = Release|Any CPU
		{20E0688F-818F-4F4E-BBD2-1C25F9163FFD}.AppStore|ARM.ActiveCfg = Release|Any CPU
		{20E0688F-818F-4F4E-BBD2-1C25F9163FFD}.AppStore|iPhone.ActiveCfg = Release|Any CPU
		{20E0688F-818F-4F4E-BBD2-1C25F9163FFD}.AppStore|iPhoneSimulator.ActiveCfg = Release|Any CPU
		{20E0688F-818F-4F4E-BBD2-1C25F9163FFD}.AppStore|Mixed Platforms.ActiveCfg = Release|Any CPU
		{20E0688F-818F-4F4E-BBD2-1C25F9163FFD}.AppStore|Mixed Platforms.Build.0 = Release|Any CPU
		{20E0688F-818F-4F4E-BBD2-1C25F9163FFD}.AppStore|Mixed Platforms.Deploy.0 = Release|Any CPU
		{20E0688F-818F-4F4E-BBD2-1C25F9163FFD}.AppStore|x64.ActiveCfg = Release|Any CPU
		{20E0688F-818F-4F4E-BBD2-1C25F9163FFD}.AppStore|x86.ActiveCfg = Release|Any CPU
		{20E0688F-818F-4F4E-BBD2-1C25F9163FFD}.Debug|Any CPU.ActiveCfg = Debug|Any CPU
		{20E0688F-818F-4F4E-BBD2-1C25F9163FFD}.Debug|Any CPU.Build.0 = Debug|Any CPU
		{20E0688F-818F-4F4E-BBD2-1C25F9163FFD}.Debug|Any CPU.Deploy.0 = Debug|Any CPU
		{20E0688F-818F-4F4E-BBD2-1C25F9163FFD}.Debug|ARM.ActiveCfg = Debug|Any CPU
		{20E0688F-818F-4F4E-BBD2-1C25F9163FFD}.Debug|iPhone.ActiveCfg = Debug|Any CPU
		{20E0688F-818F-4F4E-BBD2-1C25F9163FFD}.Debug|iPhoneSimulator.ActiveCfg = Debug|Any CPU
		{20E0688F-818F-4F4E-BBD2-1C25F9163FFD}.Debug|Mixed Platforms.ActiveCfg = Debug|Any CPU
		{20E0688F-818F-4F4E-BBD2-1C25F9163FFD}.Debug|Mixed Platforms.Build.0 = Debug|Any CPU
		{20E0688F-818F-4F4E-BBD2-1C25F9163FFD}.Debug|Mixed Platforms.Deploy.0 = Debug|Any CPU
		{20E0688F-818F-4F4E-BBD2-1C25F9163FFD}.Debug|x64.ActiveCfg = Debug|Any CPU
		{20E0688F-818F-4F4E-BBD2-1C25F9163FFD}.Debug|x86.ActiveCfg = Debug|Any CPU
		{20E0688F-818F-4F4E-BBD2-1C25F9163FFD}.Default|Any CPU.ActiveCfg = Debug|Any CPU
		{20E0688F-818F-4F4E-BBD2-1C25F9163FFD}.Default|Any CPU.Build.0 = Debug|Any CPU
		{20E0688F-818F-4F4E-BBD2-1C25F9163FFD}.Default|Any CPU.Deploy.0 = Debug|Any CPU
		{20E0688F-818F-4F4E-BBD2-1C25F9163FFD}.Default|ARM.ActiveCfg = Debug|Any CPU
		{20E0688F-818F-4F4E-BBD2-1C25F9163FFD}.Default|iPhone.ActiveCfg = Debug|Any CPU
		{20E0688F-818F-4F4E-BBD2-1C25F9163FFD}.Default|iPhoneSimulator.ActiveCfg = Debug|Any CPU
		{20E0688F-818F-4F4E-BBD2-1C25F9163FFD}.Default|Mixed Platforms.ActiveCfg = Debug|Any CPU
		{20E0688F-818F-4F4E-BBD2-1C25F9163FFD}.Default|Mixed Platforms.Build.0 = Debug|Any CPU
		{20E0688F-818F-4F4E-BBD2-1C25F9163FFD}.Default|Mixed Platforms.Deploy.0 = Debug|Any CPU
		{20E0688F-818F-4F4E-BBD2-1C25F9163FFD}.Default|x64.ActiveCfg = Debug|Any CPU
		{20E0688F-818F-4F4E-BBD2-1C25F9163FFD}.Default|x86.ActiveCfg = Debug|Any CPU
		{20E0688F-818F-4F4E-BBD2-1C25F9163FFD}.Release|Any CPU.ActiveCfg = Release|Any CPU
		{20E0688F-818F-4F4E-BBD2-1C25F9163FFD}.Release|Any CPU.Build.0 = Release|Any CPU
		{20E0688F-818F-4F4E-BBD2-1C25F9163FFD}.Release|Any CPU.Deploy.0 = Release|Any CPU
		{20E0688F-818F-4F4E-BBD2-1C25F9163FFD}.Release|ARM.ActiveCfg = Release|Any CPU
		{20E0688F-818F-4F4E-BBD2-1C25F9163FFD}.Release|iPhone.ActiveCfg = Release|Any CPU
		{20E0688F-818F-4F4E-BBD2-1C25F9163FFD}.Release|iPhoneSimulator.ActiveCfg = Release|Any CPU
		{20E0688F-818F-4F4E-BBD2-1C25F9163FFD}.Release|Mixed Platforms.ActiveCfg = Release|Any CPU
		{20E0688F-818F-4F4E-BBD2-1C25F9163FFD}.Release|Mixed Platforms.Build.0 = Release|Any CPU
		{20E0688F-818F-4F4E-BBD2-1C25F9163FFD}.Release|Mixed Platforms.Deploy.0 = Release|Any CPU
		{20E0688F-818F-4F4E-BBD2-1C25F9163FFD}.Release|x64.ActiveCfg = Release|Any CPU
		{20E0688F-818F-4F4E-BBD2-1C25F9163FFD}.Release|x86.ActiveCfg = Release|Any CPU
	EndGlobalSection
	GlobalSection(SolutionProperties) = preSolution
		HideSolutionNode = FALSE
	EndGlobalSection
	GlobalSection(NestedProjects) = preSolution
		{832CA5BA-F5A8-4F5A-AC66-2A20B778A864} = {B1859D32-533F-4B4F-A0BC-0DE18D87D51A}
		{028CEE5E-10D8-4F98-AB51-679DB85311A7} = {832CA5BA-F5A8-4F5A-AC66-2A20B778A864}
		{57A09C03-350D-4069-B760-329E72E6FBBE} = {B1859D32-533F-4B4F-A0BC-0DE18D87D51A}
		{87B9FADB-CA8E-47EE-8FFA-10B1F96D682F} = {57A09C03-350D-4069-B760-329E72E6FBBE}
		{20E0688F-818F-4F4E-BBD2-1C25F9163FFD} = {832CA5BA-F5A8-4F5A-AC66-2A20B778A864}
	EndGlobalSection
	GlobalSection(MonoDevelopProperties) = preSolution
		StartupItem = examples\datavisualization\DataVisTouch\DataVisTouch.csproj
	EndGlobalSection
EndGlobal
