
Microsoft Visual Studio Solution File, Format Version 12.00
# Visual Studio 2013
VisualStudioVersion = 12.0.31101.0
MinimumVisualStudioVersion = 10.0.40219.1
Project("{F2A71F9B-5D33-465A-A702-920D77279786}") = "kido", "kido\kido.fsproj", "{92A04503-19D0-43E1-AEEB-F100A7635D15}"
EndProject
Project("{FAE04EC0-301F-11D3-BF4B-00C04F79EFBC}") = "kido.ios", "kido.ios\kido.ios.csproj", "{AA9BA43A-CAD5-4C71-8C94-F0E4AECDC06A}"
EndProject
Project("{FAE04EC0-301F-11D3-BF4B-00C04F79EFBC}") = "kido.android", "kido.android\kido.android.csproj", "{7A8B0A96-BD82-48A8-A154-0DF0638D019A}"
EndProject
Project("{2150E333-8FDC-42A3-9474-1A3956D46DE8}") = "examples", "examples", "{3E64EA2B-CDA6-44C8-8DA2-F089F3711BC1}"
EndProject
Project("{2150E333-8FDC-42A3-9474-1A3956D46DE8}") = "forms", "forms", "{739227F9-D852-4C85-8C8B-F55B8A445B13}"
EndProject
Project("{FAE04EC0-301F-11D3-BF4B-00C04F79EFBC}") = "Todo.Android", "examples\forms\TodoAdroid\Todo.Android.csproj", "{0286BCC0-AAC9-492B-A940-A1260837ECDE}"
EndProject
Project("{D954291E-2A0B-460D-934E-DC6B0785DB48}") = "Todo", "examples\forms\TodoShared\Todo.shproj", "{EAC7244C-09D6-4922-A662-58743AE6D868}"
EndProject
Project("{FAE04EC0-301F-11D3-BF4B-00C04F79EFBC}") = "Todo.iOS", "examples\forms\TodoIOS\Todo.iOS.csproj", "{27ACF4F4-862F-46C6-99B5-A0567B884F43}"
EndProject
Project("{FAE04EC0-301F-11D3-BF4B-00C04F79EFBC}") = "Todo.iOS-Classic", "examples\forms\Todo.iOS-Classic\Todo.iOS-Classic.csproj", "{C923AC96-115E-4107-B90F-C1B278889CB9}"
EndProject
Project("{FAE04EC0-301F-11D3-BF4B-00C04F79EFBC}") = "kido.ios-classic", "kido.ios-classic\kido.ios-classic.csproj", "{7173E401-CD08-416F-BA0B-54F756F5640D}"
EndProject
Project("{FAE04EC0-301F-11D3-BF4B-00C04F79EFBC}") = "kido.tests", "kido.tests\kido.tests.csproj", "{44FEA820-FFC5-4614-8DFF-66C641586150}"
EndProject
Global
	GlobalSection(SharedMSBuildProjectFiles) = preSolution
		examples\forms\TodoShared\Todo.projitems*{eac7244c-09d6-4922-a662-58743ae6d868}*SharedItemsImports = 13
		examples\forms\TodoShared\Todo.projitems*{27acf4f4-862f-46c6-99b5-a0567b884f43}*SharedItemsImports = 4
		examples\forms\TodoShared\Todo.projitems*{0286bcc0-aac9-492b-a940-a1260837ecde}*SharedItemsImports = 4
		examples\forms\TodoShared\Todo.projitems*{c923ac96-115e-4107-b90f-c1b278889cb9}*SharedItemsImports = 4
	EndGlobalSection
	GlobalSection(SolutionConfigurationPlatforms) = preSolution
		Ad-Hoc|Any CPU = Ad-Hoc|Any CPU
		Ad-Hoc|iPhone = Ad-Hoc|iPhone
		Ad-Hoc|iPhoneSimulator = Ad-Hoc|iPhoneSimulator
		Ad-Hoc|Mixed Platforms = Ad-Hoc|Mixed Platforms
		AppStore|Any CPU = AppStore|Any CPU
		AppStore|iPhone = AppStore|iPhone
		AppStore|iPhoneSimulator = AppStore|iPhoneSimulator
		AppStore|Mixed Platforms = AppStore|Mixed Platforms
		Debug|Any CPU = Debug|Any CPU
		Debug|iPhone = Debug|iPhone
		Debug|iPhoneSimulator = Debug|iPhoneSimulator
		Debug|Mixed Platforms = Debug|Mixed Platforms
		Default|Any CPU = Default|Any CPU
		Default|iPhone = Default|iPhone
		Default|iPhoneSimulator = Default|iPhoneSimulator
		Default|Mixed Platforms = Default|Mixed Platforms
		Release|Any CPU = Release|Any CPU
		Release|iPhone = Release|iPhone
		Release|iPhoneSimulator = Release|iPhoneSimulator
		Release|Mixed Platforms = Release|Mixed Platforms
	EndGlobalSection
	GlobalSection(ProjectConfigurationPlatforms) = postSolution
		{92A04503-19D0-43E1-AEEB-F100A7635D15}.Ad-Hoc|Any CPU.ActiveCfg = Release|Any CPU
		{92A04503-19D0-43E1-AEEB-F100A7635D15}.Ad-Hoc|Any CPU.Build.0 = Release|Any CPU
		{92A04503-19D0-43E1-AEEB-F100A7635D15}.Ad-Hoc|iPhone.ActiveCfg = Release|Any CPU
		{92A04503-19D0-43E1-AEEB-F100A7635D15}.Ad-Hoc|iPhoneSimulator.ActiveCfg = Release|Any CPU
		{92A04503-19D0-43E1-AEEB-F100A7635D15}.Ad-Hoc|Mixed Platforms.ActiveCfg = Release|Any CPU
		{92A04503-19D0-43E1-AEEB-F100A7635D15}.Ad-Hoc|Mixed Platforms.Build.0 = Release|Any CPU
		{92A04503-19D0-43E1-AEEB-F100A7635D15}.AppStore|Any CPU.ActiveCfg = Release|Any CPU
		{92A04503-19D0-43E1-AEEB-F100A7635D15}.AppStore|Any CPU.Build.0 = Release|Any CPU
		{92A04503-19D0-43E1-AEEB-F100A7635D15}.AppStore|iPhone.ActiveCfg = Release|Any CPU
		{92A04503-19D0-43E1-AEEB-F100A7635D15}.AppStore|iPhoneSimulator.ActiveCfg = Release|Any CPU
		{92A04503-19D0-43E1-AEEB-F100A7635D15}.AppStore|Mixed Platforms.ActiveCfg = Release|Any CPU
		{92A04503-19D0-43E1-AEEB-F100A7635D15}.AppStore|Mixed Platforms.Build.0 = Release|Any CPU
		{92A04503-19D0-43E1-AEEB-F100A7635D15}.Debug|Any CPU.ActiveCfg = Debug|Any CPU
		{92A04503-19D0-43E1-AEEB-F100A7635D15}.Debug|Any CPU.Build.0 = Debug|Any CPU
		{92A04503-19D0-43E1-AEEB-F100A7635D15}.Debug|iPhone.ActiveCfg = Debug|Any CPU
		{92A04503-19D0-43E1-AEEB-F100A7635D15}.Debug|iPhoneSimulator.ActiveCfg = Debug|Any CPU
		{92A04503-19D0-43E1-AEEB-F100A7635D15}.Debug|Mixed Platforms.ActiveCfg = Debug|Any CPU
		{92A04503-19D0-43E1-AEEB-F100A7635D15}.Debug|Mixed Platforms.Build.0 = Debug|Any CPU
		{92A04503-19D0-43E1-AEEB-F100A7635D15}.Default|Any CPU.ActiveCfg = Debug|Any CPU
		{92A04503-19D0-43E1-AEEB-F100A7635D15}.Default|Any CPU.Build.0 = Debug|Any CPU
		{92A04503-19D0-43E1-AEEB-F100A7635D15}.Default|iPhone.ActiveCfg = Debug|Any CPU
		{92A04503-19D0-43E1-AEEB-F100A7635D15}.Default|iPhoneSimulator.ActiveCfg = Debug|Any CPU
		{92A04503-19D0-43E1-AEEB-F100A7635D15}.Default|Mixed Platforms.ActiveCfg = Debug|Any CPU
		{92A04503-19D0-43E1-AEEB-F100A7635D15}.Default|Mixed Platforms.Build.0 = Debug|Any CPU
		{92A04503-19D0-43E1-AEEB-F100A7635D15}.Release|Any CPU.ActiveCfg = Release|Any CPU
		{92A04503-19D0-43E1-AEEB-F100A7635D15}.Release|Any CPU.Build.0 = Release|Any CPU
		{92A04503-19D0-43E1-AEEB-F100A7635D15}.Release|iPhone.ActiveCfg = Release|Any CPU
		{92A04503-19D0-43E1-AEEB-F100A7635D15}.Release|iPhoneSimulator.ActiveCfg = Release|Any CPU
		{92A04503-19D0-43E1-AEEB-F100A7635D15}.Release|Mixed Platforms.ActiveCfg = Release|Any CPU
		{92A04503-19D0-43E1-AEEB-F100A7635D15}.Release|Mixed Platforms.Build.0 = Release|Any CPU
		{AA9BA43A-CAD5-4C71-8C94-F0E4AECDC06A}.Ad-Hoc|Any CPU.ActiveCfg = Release|Any CPU
		{AA9BA43A-CAD5-4C71-8C94-F0E4AECDC06A}.Ad-Hoc|Any CPU.Build.0 = Release|Any CPU
		{AA9BA43A-CAD5-4C71-8C94-F0E4AECDC06A}.Ad-Hoc|iPhone.ActiveCfg = Release|Any CPU
		{AA9BA43A-CAD5-4C71-8C94-F0E4AECDC06A}.Ad-Hoc|iPhone.Build.0 = Release|Any CPU
		{AA9BA43A-CAD5-4C71-8C94-F0E4AECDC06A}.Ad-Hoc|iPhoneSimulator.ActiveCfg = Release|Any CPU
		{AA9BA43A-CAD5-4C71-8C94-F0E4AECDC06A}.Ad-Hoc|iPhoneSimulator.Build.0 = Release|Any CPU
		{AA9BA43A-CAD5-4C71-8C94-F0E4AECDC06A}.Ad-Hoc|Mixed Platforms.ActiveCfg = Release|Any CPU
		{AA9BA43A-CAD5-4C71-8C94-F0E4AECDC06A}.Ad-Hoc|Mixed Platforms.Build.0 = Release|Any CPU
		{AA9BA43A-CAD5-4C71-8C94-F0E4AECDC06A}.AppStore|Any CPU.ActiveCfg = Release|Any CPU
		{AA9BA43A-CAD5-4C71-8C94-F0E4AECDC06A}.AppStore|Any CPU.Build.0 = Release|Any CPU
		{AA9BA43A-CAD5-4C71-8C94-F0E4AECDC06A}.AppStore|iPhone.ActiveCfg = Release|Any CPU
		{AA9BA43A-CAD5-4C71-8C94-F0E4AECDC06A}.AppStore|iPhone.Build.0 = Release|Any CPU
		{AA9BA43A-CAD5-4C71-8C94-F0E4AECDC06A}.AppStore|iPhoneSimulator.ActiveCfg = Release|Any CPU
		{AA9BA43A-CAD5-4C71-8C94-F0E4AECDC06A}.AppStore|iPhoneSimulator.Build.0 = Release|Any CPU
		{AA9BA43A-CAD5-4C71-8C94-F0E4AECDC06A}.AppStore|Mixed Platforms.ActiveCfg = Release|Any CPU
		{AA9BA43A-CAD5-4C71-8C94-F0E4AECDC06A}.AppStore|Mixed Platforms.Build.0 = Release|Any CPU
		{AA9BA43A-CAD5-4C71-8C94-F0E4AECDC06A}.Debug|Any CPU.ActiveCfg = Debug|Any CPU
		{AA9BA43A-CAD5-4C71-8C94-F0E4AECDC06A}.Debug|Any CPU.Build.0 = Debug|Any CPU
		{AA9BA43A-CAD5-4C71-8C94-F0E4AECDC06A}.Debug|iPhone.ActiveCfg = Debug|Any CPU
		{AA9BA43A-CAD5-4C71-8C94-F0E4AECDC06A}.Debug|iPhone.Build.0 = Debug|Any CPU
		{AA9BA43A-CAD5-4C71-8C94-F0E4AECDC06A}.Debug|iPhoneSimulator.ActiveCfg = Debug|Any CPU
		{AA9BA43A-CAD5-4C71-8C94-F0E4AECDC06A}.Debug|iPhoneSimulator.Build.0 = Debug|Any CPU
		{AA9BA43A-CAD5-4C71-8C94-F0E4AECDC06A}.Debug|Mixed Platforms.ActiveCfg = Debug|Any CPU
		{AA9BA43A-CAD5-4C71-8C94-F0E4AECDC06A}.Debug|Mixed Platforms.Build.0 = Debug|Any CPU
		{AA9BA43A-CAD5-4C71-8C94-F0E4AECDC06A}.Default|Any CPU.ActiveCfg = Debug|Any CPU
		{AA9BA43A-CAD5-4C71-8C94-F0E4AECDC06A}.Default|Any CPU.Build.0 = Debug|Any CPU
		{AA9BA43A-CAD5-4C71-8C94-F0E4AECDC06A}.Default|iPhone.ActiveCfg = Debug|Any CPU
		{AA9BA43A-CAD5-4C71-8C94-F0E4AECDC06A}.Default|iPhoneSimulator.ActiveCfg = Debug|Any CPU
		{AA9BA43A-CAD5-4C71-8C94-F0E4AECDC06A}.Default|Mixed Platforms.ActiveCfg = Debug|Any CPU
		{AA9BA43A-CAD5-4C71-8C94-F0E4AECDC06A}.Default|Mixed Platforms.Build.0 = Debug|Any CPU
		{AA9BA43A-CAD5-4C71-8C94-F0E4AECDC06A}.Release|Any CPU.ActiveCfg = Release|Any CPU
		{AA9BA43A-CAD5-4C71-8C94-F0E4AECDC06A}.Release|Any CPU.Build.0 = Release|Any CPU
		{AA9BA43A-CAD5-4C71-8C94-F0E4AECDC06A}.Release|iPhone.ActiveCfg = Release|Any CPU
		{AA9BA43A-CAD5-4C71-8C94-F0E4AECDC06A}.Release|iPhone.Build.0 = Release|Any CPU
		{AA9BA43A-CAD5-4C71-8C94-F0E4AECDC06A}.Release|iPhoneSimulator.ActiveCfg = Release|Any CPU
		{AA9BA43A-CAD5-4C71-8C94-F0E4AECDC06A}.Release|iPhoneSimulator.Build.0 = Release|Any CPU
		{AA9BA43A-CAD5-4C71-8C94-F0E4AECDC06A}.Release|Mixed Platforms.ActiveCfg = Release|Any CPU
		{AA9BA43A-CAD5-4C71-8C94-F0E4AECDC06A}.Release|Mixed Platforms.Build.0 = Release|Any CPU
		{7A8B0A96-BD82-48A8-A154-0DF0638D019A}.Ad-Hoc|Any CPU.ActiveCfg = Release|Any CPU
		{7A8B0A96-BD82-48A8-A154-0DF0638D019A}.Ad-Hoc|Any CPU.Build.0 = Release|Any CPU
		{7A8B0A96-BD82-48A8-A154-0DF0638D019A}.Ad-Hoc|iPhone.ActiveCfg = Release|Any CPU
		{7A8B0A96-BD82-48A8-A154-0DF0638D019A}.Ad-Hoc|iPhone.Build.0 = Release|Any CPU
		{7A8B0A96-BD82-48A8-A154-0DF0638D019A}.Ad-Hoc|iPhoneSimulator.ActiveCfg = Release|Any CPU
		{7A8B0A96-BD82-48A8-A154-0DF0638D019A}.Ad-Hoc|iPhoneSimulator.Build.0 = Release|Any CPU
		{7A8B0A96-BD82-48A8-A154-0DF0638D019A}.Ad-Hoc|Mixed Platforms.ActiveCfg = Release|Any CPU
		{7A8B0A96-BD82-48A8-A154-0DF0638D019A}.Ad-Hoc|Mixed Platforms.Build.0 = Release|Any CPU
		{7A8B0A96-BD82-48A8-A154-0DF0638D019A}.AppStore|Any CPU.ActiveCfg = Release|Any CPU
		{7A8B0A96-BD82-48A8-A154-0DF0638D019A}.AppStore|Any CPU.Build.0 = Release|Any CPU
		{7A8B0A96-BD82-48A8-A154-0DF0638D019A}.AppStore|iPhone.ActiveCfg = Release|Any CPU
		{7A8B0A96-BD82-48A8-A154-0DF0638D019A}.AppStore|iPhone.Build.0 = Release|Any CPU
		{7A8B0A96-BD82-48A8-A154-0DF0638D019A}.AppStore|iPhoneSimulator.ActiveCfg = Release|Any CPU
		{7A8B0A96-BD82-48A8-A154-0DF0638D019A}.AppStore|iPhoneSimulator.Build.0 = Release|Any CPU
		{7A8B0A96-BD82-48A8-A154-0DF0638D019A}.AppStore|Mixed Platforms.ActiveCfg = Release|Any CPU
		{7A8B0A96-BD82-48A8-A154-0DF0638D019A}.AppStore|Mixed Platforms.Build.0 = Release|Any CPU
		{7A8B0A96-BD82-48A8-A154-0DF0638D019A}.Debug|Any CPU.ActiveCfg = Debug|Any CPU
		{7A8B0A96-BD82-48A8-A154-0DF0638D019A}.Debug|Any CPU.Build.0 = Debug|Any CPU
		{7A8B0A96-BD82-48A8-A154-0DF0638D019A}.Debug|iPhone.ActiveCfg = Debug|Any CPU
		{7A8B0A96-BD82-48A8-A154-0DF0638D019A}.Debug|iPhone.Build.0 = Debug|Any CPU
		{7A8B0A96-BD82-48A8-A154-0DF0638D019A}.Debug|iPhoneSimulator.ActiveCfg = Debug|Any CPU
		{7A8B0A96-BD82-48A8-A154-0DF0638D019A}.Debug|iPhoneSimulator.Build.0 = Debug|Any CPU
		{7A8B0A96-BD82-48A8-A154-0DF0638D019A}.Debug|Mixed Platforms.ActiveCfg = Debug|Any CPU
		{7A8B0A96-BD82-48A8-A154-0DF0638D019A}.Debug|Mixed Platforms.Build.0 = Debug|Any CPU
		{7A8B0A96-BD82-48A8-A154-0DF0638D019A}.Default|Any CPU.ActiveCfg = Debug|Any CPU
		{7A8B0A96-BD82-48A8-A154-0DF0638D019A}.Default|Any CPU.Build.0 = Debug|Any CPU
		{7A8B0A96-BD82-48A8-A154-0DF0638D019A}.Default|iPhone.ActiveCfg = Debug|Any CPU
		{7A8B0A96-BD82-48A8-A154-0DF0638D019A}.Default|iPhoneSimulator.ActiveCfg = Debug|Any CPU
		{7A8B0A96-BD82-48A8-A154-0DF0638D019A}.Default|Mixed Platforms.ActiveCfg = Debug|Any CPU
		{7A8B0A96-BD82-48A8-A154-0DF0638D019A}.Default|Mixed Platforms.Build.0 = Debug|Any CPU
		{7A8B0A96-BD82-48A8-A154-0DF0638D019A}.Release|Any CPU.ActiveCfg = Release|Any CPU
		{7A8B0A96-BD82-48A8-A154-0DF0638D019A}.Release|Any CPU.Build.0 = Release|Any CPU
		{7A8B0A96-BD82-48A8-A154-0DF0638D019A}.Release|iPhone.ActiveCfg = Release|Any CPU
		{7A8B0A96-BD82-48A8-A154-0DF0638D019A}.Release|iPhone.Build.0 = Release|Any CPU
		{7A8B0A96-BD82-48A8-A154-0DF0638D019A}.Release|iPhoneSimulator.ActiveCfg = Release|Any CPU
		{7A8B0A96-BD82-48A8-A154-0DF0638D019A}.Release|iPhoneSimulator.Build.0 = Release|Any CPU
		{7A8B0A96-BD82-48A8-A154-0DF0638D019A}.Release|Mixed Platforms.ActiveCfg = Release|Any CPU
		{7A8B0A96-BD82-48A8-A154-0DF0638D019A}.Release|Mixed Platforms.Build.0 = Release|Any CPU
		{0286BCC0-AAC9-492B-A940-A1260837ECDE}.Ad-Hoc|Any CPU.ActiveCfg = Release|Any CPU
		{0286BCC0-AAC9-492B-A940-A1260837ECDE}.Ad-Hoc|Any CPU.Build.0 = Release|Any CPU
		{0286BCC0-AAC9-492B-A940-A1260837ECDE}.Ad-Hoc|iPhone.ActiveCfg = Release|Any CPU
		{0286BCC0-AAC9-492B-A940-A1260837ECDE}.Ad-Hoc|iPhone.Build.0 = Release|Any CPU
		{0286BCC0-AAC9-492B-A940-A1260837ECDE}.Ad-Hoc|iPhoneSimulator.ActiveCfg = Release|Any CPU
		{0286BCC0-AAC9-492B-A940-A1260837ECDE}.Ad-Hoc|iPhoneSimulator.Build.0 = Release|Any CPU
		{0286BCC0-AAC9-492B-A940-A1260837ECDE}.Ad-Hoc|Mixed Platforms.ActiveCfg = Release|Any CPU
		{0286BCC0-AAC9-492B-A940-A1260837ECDE}.Ad-Hoc|Mixed Platforms.Build.0 = Release|Any CPU
		{0286BCC0-AAC9-492B-A940-A1260837ECDE}.AppStore|Any CPU.ActiveCfg = Release|Any CPU
		{0286BCC0-AAC9-492B-A940-A1260837ECDE}.AppStore|Any CPU.Build.0 = Release|Any CPU
		{0286BCC0-AAC9-492B-A940-A1260837ECDE}.AppStore|iPhone.ActiveCfg = Release|Any CPU
		{0286BCC0-AAC9-492B-A940-A1260837ECDE}.AppStore|iPhone.Build.0 = Release|Any CPU
		{0286BCC0-AAC9-492B-A940-A1260837ECDE}.AppStore|iPhoneSimulator.ActiveCfg = Release|Any CPU
		{0286BCC0-AAC9-492B-A940-A1260837ECDE}.AppStore|iPhoneSimulator.Build.0 = Release|Any CPU
		{0286BCC0-AAC9-492B-A940-A1260837ECDE}.AppStore|Mixed Platforms.ActiveCfg = Release|Any CPU
		{0286BCC0-AAC9-492B-A940-A1260837ECDE}.AppStore|Mixed Platforms.Build.0 = Release|Any CPU
		{0286BCC0-AAC9-492B-A940-A1260837ECDE}.Debug|Any CPU.ActiveCfg = Debug|Any CPU
		{0286BCC0-AAC9-492B-A940-A1260837ECDE}.Debug|Any CPU.Build.0 = Debug|Any CPU
		{0286BCC0-AAC9-492B-A940-A1260837ECDE}.Debug|iPhone.ActiveCfg = Debug|Any CPU
		{0286BCC0-AAC9-492B-A940-A1260837ECDE}.Debug|iPhone.Build.0 = Debug|Any CPU
		{0286BCC0-AAC9-492B-A940-A1260837ECDE}.Debug|iPhoneSimulator.ActiveCfg = Debug|Any CPU
		{0286BCC0-AAC9-492B-A940-A1260837ECDE}.Debug|iPhoneSimulator.Build.0 = Debug|Any CPU
		{0286BCC0-AAC9-492B-A940-A1260837ECDE}.Debug|Mixed Platforms.ActiveCfg = Debug|Any CPU
		{0286BCC0-AAC9-492B-A940-A1260837ECDE}.Debug|Mixed Platforms.Build.0 = Debug|Any CPU
		{0286BCC0-AAC9-492B-A940-A1260837ECDE}.Default|Any CPU.ActiveCfg = Debug|Any CPU
		{0286BCC0-AAC9-492B-A940-A1260837ECDE}.Default|Any CPU.Build.0 = Debug|Any CPU
		{0286BCC0-AAC9-492B-A940-A1260837ECDE}.Default|iPhone.ActiveCfg = Debug|Any CPU
		{0286BCC0-AAC9-492B-A940-A1260837ECDE}.Default|iPhone.Build.0 = Debug|Any CPU
		{0286BCC0-AAC9-492B-A940-A1260837ECDE}.Default|iPhoneSimulator.ActiveCfg = Debug|Any CPU
		{0286BCC0-AAC9-492B-A940-A1260837ECDE}.Default|iPhoneSimulator.Build.0 = Debug|Any CPU
		{0286BCC0-AAC9-492B-A940-A1260837ECDE}.Default|Mixed Platforms.ActiveCfg = Debug|Any CPU
		{0286BCC0-AAC9-492B-A940-A1260837ECDE}.Default|Mixed Platforms.Build.0 = Debug|Any CPU
		{0286BCC0-AAC9-492B-A940-A1260837ECDE}.Release|Any CPU.ActiveCfg = Release|Any CPU
		{0286BCC0-AAC9-492B-A940-A1260837ECDE}.Release|Any CPU.Build.0 = Release|Any CPU
		{0286BCC0-AAC9-492B-A940-A1260837ECDE}.Release|iPhone.ActiveCfg = Release|Any CPU
		{0286BCC0-AAC9-492B-A940-A1260837ECDE}.Release|iPhone.Build.0 = Release|Any CPU
		{0286BCC0-AAC9-492B-A940-A1260837ECDE}.Release|iPhoneSimulator.ActiveCfg = Release|Any CPU
		{0286BCC0-AAC9-492B-A940-A1260837ECDE}.Release|iPhoneSimulator.Build.0 = Release|Any CPU
		{0286BCC0-AAC9-492B-A940-A1260837ECDE}.Release|Mixed Platforms.ActiveCfg = Release|Any CPU
		{0286BCC0-AAC9-492B-A940-A1260837ECDE}.Release|Mixed Platforms.Build.0 = Release|Any CPU
		{27ACF4F4-862F-46C6-99B5-A0567B884F43}.Ad-Hoc|Any CPU.ActiveCfg = Ad-Hoc|iPhone
		{27ACF4F4-862F-46C6-99B5-A0567B884F43}.Ad-Hoc|Any CPU.Build.0 = Ad-Hoc|iPhone
		{27ACF4F4-862F-46C6-99B5-A0567B884F43}.Ad-Hoc|iPhone.ActiveCfg = Ad-Hoc|iPhone
		{27ACF4F4-862F-46C6-99B5-A0567B884F43}.Ad-Hoc|iPhone.Build.0 = Ad-Hoc|iPhone
		{27ACF4F4-862F-46C6-99B5-A0567B884F43}.Ad-Hoc|iPhoneSimulator.ActiveCfg = Debug|iPhoneSimulator
		{27ACF4F4-862F-46C6-99B5-A0567B884F43}.Ad-Hoc|iPhoneSimulator.Build.0 = Debug|iPhoneSimulator
		{27ACF4F4-862F-46C6-99B5-A0567B884F43}.Ad-Hoc|Mixed Platforms.ActiveCfg = Ad-Hoc|iPhone
		{27ACF4F4-862F-46C6-99B5-A0567B884F43}.Ad-Hoc|Mixed Platforms.Build.0 = Ad-Hoc|iPhone
		{27ACF4F4-862F-46C6-99B5-A0567B884F43}.AppStore|Any CPU.ActiveCfg = AppStore|iPhone
		{27ACF4F4-862F-46C6-99B5-A0567B884F43}.AppStore|Any CPU.Build.0 = AppStore|iPhone
		{27ACF4F4-862F-46C6-99B5-A0567B884F43}.AppStore|iPhone.ActiveCfg = AppStore|iPhone
		{27ACF4F4-862F-46C6-99B5-A0567B884F43}.AppStore|iPhone.Build.0 = AppStore|iPhone
		{27ACF4F4-862F-46C6-99B5-A0567B884F43}.AppStore|iPhoneSimulator.ActiveCfg = Debug|iPhoneSimulator
		{27ACF4F4-862F-46C6-99B5-A0567B884F43}.AppStore|iPhoneSimulator.Build.0 = Debug|iPhoneSimulator
		{27ACF4F4-862F-46C6-99B5-A0567B884F43}.AppStore|Mixed Platforms.ActiveCfg = AppStore|iPhone
		{27ACF4F4-862F-46C6-99B5-A0567B884F43}.AppStore|Mixed Platforms.Build.0 = AppStore|iPhone
		{27ACF4F4-862F-46C6-99B5-A0567B884F43}.Debug|Any CPU.ActiveCfg = Debug|iPhoneSimulator
		{27ACF4F4-862F-46C6-99B5-A0567B884F43}.Debug|Any CPU.Build.0 = Debug|iPhoneSimulator
		{27ACF4F4-862F-46C6-99B5-A0567B884F43}.Debug|iPhone.ActiveCfg = Debug|iPhone
		{27ACF4F4-862F-46C6-99B5-A0567B884F43}.Debug|iPhone.Build.0 = Debug|iPhone
		{27ACF4F4-862F-46C6-99B5-A0567B884F43}.Debug|iPhoneSimulator.ActiveCfg = Debug|iPhoneSimulator
		{27ACF4F4-862F-46C6-99B5-A0567B884F43}.Debug|iPhoneSimulator.Build.0 = Debug|iPhoneSimulator
		{27ACF4F4-862F-46C6-99B5-A0567B884F43}.Debug|Mixed Platforms.ActiveCfg = Debug|iPhoneSimulator
		{27ACF4F4-862F-46C6-99B5-A0567B884F43}.Debug|Mixed Platforms.Build.0 = Debug|iPhoneSimulator
		{27ACF4F4-862F-46C6-99B5-A0567B884F43}.Default|Any CPU.ActiveCfg = Debug|iPhoneSimulator
		{27ACF4F4-862F-46C6-99B5-A0567B884F43}.Default|Any CPU.Build.0 = Debug|iPhoneSimulator
		{27ACF4F4-862F-46C6-99B5-A0567B884F43}.Default|iPhone.ActiveCfg = Debug|iPhone
		{27ACF4F4-862F-46C6-99B5-A0567B884F43}.Default|iPhone.Build.0 = Debug|iPhone
		{27ACF4F4-862F-46C6-99B5-A0567B884F43}.Default|iPhoneSimulator.ActiveCfg = Debug|iPhoneSimulator
		{27ACF4F4-862F-46C6-99B5-A0567B884F43}.Default|iPhoneSimulator.Build.0 = Debug|iPhoneSimulator
		{27ACF4F4-862F-46C6-99B5-A0567B884F43}.Default|Mixed Platforms.ActiveCfg = Debug|iPhoneSimulator
		{27ACF4F4-862F-46C6-99B5-A0567B884F43}.Default|Mixed Platforms.Build.0 = Debug|iPhoneSimulator
		{27ACF4F4-862F-46C6-99B5-A0567B884F43}.Release|Any CPU.ActiveCfg = Release|iPhoneSimulator
		{27ACF4F4-862F-46C6-99B5-A0567B884F43}.Release|Any CPU.Build.0 = Release|iPhoneSimulator
		{27ACF4F4-862F-46C6-99B5-A0567B884F43}.Release|iPhone.ActiveCfg = Release|iPhone
		{27ACF4F4-862F-46C6-99B5-A0567B884F43}.Release|iPhone.Build.0 = Release|iPhone
		{27ACF4F4-862F-46C6-99B5-A0567B884F43}.Release|iPhoneSimulator.ActiveCfg = Release|iPhoneSimulator
		{27ACF4F4-862F-46C6-99B5-A0567B884F43}.Release|iPhoneSimulator.Build.0 = Release|iPhoneSimulator
		{27ACF4F4-862F-46C6-99B5-A0567B884F43}.Release|Mixed Platforms.ActiveCfg = Release|iPhoneSimulator
		{27ACF4F4-862F-46C6-99B5-A0567B884F43}.Release|Mixed Platforms.Build.0 = Release|iPhoneSimulator
		{C923AC96-115E-4107-B90F-C1B278889CB9}.Ad-Hoc|Any CPU.ActiveCfg = Ad-Hoc|iPhone
		{C923AC96-115E-4107-B90F-C1B278889CB9}.Ad-Hoc|Any CPU.Build.0 = Ad-Hoc|iPhone
		{C923AC96-115E-4107-B90F-C1B278889CB9}.Ad-Hoc|iPhone.ActiveCfg = Ad-Hoc|iPhone
		{C923AC96-115E-4107-B90F-C1B278889CB9}.Ad-Hoc|iPhone.Build.0 = Ad-Hoc|iPhone
		{C923AC96-115E-4107-B90F-C1B278889CB9}.Ad-Hoc|iPhoneSimulator.ActiveCfg = Debug|iPhoneSimulator
		{C923AC96-115E-4107-B90F-C1B278889CB9}.Ad-Hoc|iPhoneSimulator.Build.0 = Debug|iPhoneSimulator
		{C923AC96-115E-4107-B90F-C1B278889CB9}.Ad-Hoc|Mixed Platforms.ActiveCfg = Ad-Hoc|iPhone
		{C923AC96-115E-4107-B90F-C1B278889CB9}.Ad-Hoc|Mixed Platforms.Build.0 = Ad-Hoc|iPhone
		{C923AC96-115E-4107-B90F-C1B278889CB9}.AppStore|Any CPU.ActiveCfg = AppStore|iPhone
		{C923AC96-115E-4107-B90F-C1B278889CB9}.AppStore|Any CPU.Build.0 = AppStore|iPhone
		{C923AC96-115E-4107-B90F-C1B278889CB9}.AppStore|iPhone.ActiveCfg = AppStore|iPhone
		{C923AC96-115E-4107-B90F-C1B278889CB9}.AppStore|iPhone.Build.0 = AppStore|iPhone
		{C923AC96-115E-4107-B90F-C1B278889CB9}.AppStore|iPhoneSimulator.ActiveCfg = Debug|iPhoneSimulator
		{C923AC96-115E-4107-B90F-C1B278889CB9}.AppStore|iPhoneSimulator.Build.0 = Debug|iPhoneSimulator
		{C923AC96-115E-4107-B90F-C1B278889CB9}.AppStore|Mixed Platforms.ActiveCfg = AppStore|iPhone
		{C923AC96-115E-4107-B90F-C1B278889CB9}.AppStore|Mixed Platforms.Build.0 = AppStore|iPhone
		{C923AC96-115E-4107-B90F-C1B278889CB9}.Debug|Any CPU.ActiveCfg = Debug|iPhoneSimulator
		{C923AC96-115E-4107-B90F-C1B278889CB9}.Debug|Any CPU.Build.0 = Debug|iPhoneSimulator
		{C923AC96-115E-4107-B90F-C1B278889CB9}.Debug|iPhone.ActiveCfg = Debug|iPhone
		{C923AC96-115E-4107-B90F-C1B278889CB9}.Debug|iPhone.Build.0 = Debug|iPhone
		{C923AC96-115E-4107-B90F-C1B278889CB9}.Debug|iPhoneSimulator.ActiveCfg = Debug|iPhoneSimulator
		{C923AC96-115E-4107-B90F-C1B278889CB9}.Debug|iPhoneSimulator.Build.0 = Debug|iPhoneSimulator
		{C923AC96-115E-4107-B90F-C1B278889CB9}.Debug|Mixed Platforms.ActiveCfg = Debug|iPhoneSimulator
		{C923AC96-115E-4107-B90F-C1B278889CB9}.Debug|Mixed Platforms.Build.0 = Debug|iPhoneSimulator
		{C923AC96-115E-4107-B90F-C1B278889CB9}.Default|Any CPU.ActiveCfg = Debug|iPhoneSimulator
		{C923AC96-115E-4107-B90F-C1B278889CB9}.Default|Any CPU.Build.0 = Debug|iPhoneSimulator
		{C923AC96-115E-4107-B90F-C1B278889CB9}.Default|iPhone.ActiveCfg = Debug|iPhone
		{C923AC96-115E-4107-B90F-C1B278889CB9}.Default|iPhone.Build.0 = Debug|iPhone
		{C923AC96-115E-4107-B90F-C1B278889CB9}.Default|iPhoneSimulator.ActiveCfg = Debug|iPhoneSimulator
		{C923AC96-115E-4107-B90F-C1B278889CB9}.Default|iPhoneSimulator.Build.0 = Debug|iPhoneSimulator
		{C923AC96-115E-4107-B90F-C1B278889CB9}.Default|Mixed Platforms.ActiveCfg = Debug|iPhoneSimulator
		{C923AC96-115E-4107-B90F-C1B278889CB9}.Default|Mixed Platforms.Build.0 = Debug|iPhoneSimulator
		{C923AC96-115E-4107-B90F-C1B278889CB9}.Release|Any CPU.ActiveCfg = Release|iPhoneSimulator
		{C923AC96-115E-4107-B90F-C1B278889CB9}.Release|Any CPU.Build.0 = Release|iPhoneSimulator
		{C923AC96-115E-4107-B90F-C1B278889CB9}.Release|iPhone.ActiveCfg = Release|iPhone
		{C923AC96-115E-4107-B90F-C1B278889CB9}.Release|iPhone.Build.0 = Release|iPhone
		{C923AC96-115E-4107-B90F-C1B278889CB9}.Release|iPhoneSimulator.ActiveCfg = Release|iPhoneSimulator
		{C923AC96-115E-4107-B90F-C1B278889CB9}.Release|iPhoneSimulator.Build.0 = Release|iPhoneSimulator
		{C923AC96-115E-4107-B90F-C1B278889CB9}.Release|Mixed Platforms.ActiveCfg = Release|iPhoneSimulator
		{C923AC96-115E-4107-B90F-C1B278889CB9}.Release|Mixed Platforms.Build.0 = Release|iPhoneSimulator
		{7173E401-CD08-416F-BA0B-54F756F5640D}.Ad-Hoc|Any CPU.ActiveCfg = Release|Any CPU
		{7173E401-CD08-416F-BA0B-54F756F5640D}.Ad-Hoc|Any CPU.Build.0 = Release|Any CPU
		{7173E401-CD08-416F-BA0B-54F756F5640D}.Ad-Hoc|iPhone.ActiveCfg = Release|Any CPU
		{7173E401-CD08-416F-BA0B-54F756F5640D}.Ad-Hoc|iPhoneSimulator.ActiveCfg = Release|Any CPU
		{7173E401-CD08-416F-BA0B-54F756F5640D}.Ad-Hoc|Mixed Platforms.ActiveCfg = Release|Any CPU
		{7173E401-CD08-416F-BA0B-54F756F5640D}.Ad-Hoc|Mixed Platforms.Build.0 = Release|Any CPU
		{7173E401-CD08-416F-BA0B-54F756F5640D}.AppStore|Any CPU.ActiveCfg = Release|Any CPU
		{7173E401-CD08-416F-BA0B-54F756F5640D}.AppStore|Any CPU.Build.0 = Release|Any CPU
		{7173E401-CD08-416F-BA0B-54F756F5640D}.AppStore|iPhone.ActiveCfg = Release|Any CPU
		{7173E401-CD08-416F-BA0B-54F756F5640D}.AppStore|iPhoneSimulator.ActiveCfg = Release|Any CPU
		{7173E401-CD08-416F-BA0B-54F756F5640D}.AppStore|Mixed Platforms.ActiveCfg = Release|Any CPU
		{7173E401-CD08-416F-BA0B-54F756F5640D}.AppStore|Mixed Platforms.Build.0 = Release|Any CPU
		{7173E401-CD08-416F-BA0B-54F756F5640D}.Debug|Any CPU.ActiveCfg = Debug|Any CPU
		{7173E401-CD08-416F-BA0B-54F756F5640D}.Debug|Any CPU.Build.0 = Debug|Any CPU
		{7173E401-CD08-416F-BA0B-54F756F5640D}.Debug|iPhone.ActiveCfg = Debug|Any CPU
		{7173E401-CD08-416F-BA0B-54F756F5640D}.Debug|iPhoneSimulator.ActiveCfg = Debug|Any CPU
		{7173E401-CD08-416F-BA0B-54F756F5640D}.Debug|Mixed Platforms.ActiveCfg = Debug|Any CPU
		{7173E401-CD08-416F-BA0B-54F756F5640D}.Debug|Mixed Platforms.Build.0 = Debug|Any CPU
		{7173E401-CD08-416F-BA0B-54F756F5640D}.Default|Any CPU.ActiveCfg = Debug|Any CPU
		{7173E401-CD08-416F-BA0B-54F756F5640D}.Default|Any CPU.Build.0 = Debug|Any CPU
		{7173E401-CD08-416F-BA0B-54F756F5640D}.Default|iPhone.ActiveCfg = Debug|Any CPU
		{7173E401-CD08-416F-BA0B-54F756F5640D}.Default|iPhoneSimulator.ActiveCfg = Debug|Any CPU
		{7173E401-CD08-416F-BA0B-54F756F5640D}.Default|Mixed Platforms.ActiveCfg = Debug|Any CPU
		{7173E401-CD08-416F-BA0B-54F756F5640D}.Default|Mixed Platforms.Build.0 = Debug|Any CPU
		{7173E401-CD08-416F-BA0B-54F756F5640D}.Release|Any CPU.ActiveCfg = Release|Any CPU
		{7173E401-CD08-416F-BA0B-54F756F5640D}.Release|Any CPU.Build.0 = Release|Any CPU
		{7173E401-CD08-416F-BA0B-54F756F5640D}.Release|iPhone.ActiveCfg = Release|Any CPU
		{7173E401-CD08-416F-BA0B-54F756F5640D}.Release|iPhoneSimulator.ActiveCfg = Release|Any CPU
		{7173E401-CD08-416F-BA0B-54F756F5640D}.Release|Mixed Platforms.ActiveCfg = Release|Any CPU
		{7173E401-CD08-416F-BA0B-54F756F5640D}.Release|Mixed Platforms.Build.0 = Release|Any CPU
		{44FEA820-FFC5-4614-8DFF-66C641586150}.Ad-Hoc|Any CPU.ActiveCfg = Release|Any CPU
		{44FEA820-FFC5-4614-8DFF-66C641586150}.Ad-Hoc|Any CPU.Build.0 = Release|Any CPU
		{44FEA820-FFC5-4614-8DFF-66C641586150}.Ad-Hoc|iPhone.ActiveCfg = Release|Any CPU
		{44FEA820-FFC5-4614-8DFF-66C641586150}.Ad-Hoc|iPhoneSimulator.ActiveCfg = Release|Any CPU
		{44FEA820-FFC5-4614-8DFF-66C641586150}.Ad-Hoc|Mixed Platforms.ActiveCfg = Release|Any CPU
		{44FEA820-FFC5-4614-8DFF-66C641586150}.Ad-Hoc|Mixed Platforms.Build.0 = Release|Any CPU
		{44FEA820-FFC5-4614-8DFF-66C641586150}.AppStore|Any CPU.ActiveCfg = Release|Any CPU
		{44FEA820-FFC5-4614-8DFF-66C641586150}.AppStore|Any CPU.Build.0 = Release|Any CPU
		{44FEA820-FFC5-4614-8DFF-66C641586150}.AppStore|iPhone.ActiveCfg = Release|Any CPU
		{44FEA820-FFC5-4614-8DFF-66C641586150}.AppStore|iPhoneSimulator.ActiveCfg = Release|Any CPU
		{44FEA820-FFC5-4614-8DFF-66C641586150}.AppStore|Mixed Platforms.ActiveCfg = Release|Any CPU
		{44FEA820-FFC5-4614-8DFF-66C641586150}.AppStore|Mixed Platforms.Build.0 = Release|Any CPU
		{44FEA820-FFC5-4614-8DFF-66C641586150}.Debug|Any CPU.ActiveCfg = Debug|Any CPU
		{44FEA820-FFC5-4614-8DFF-66C641586150}.Debug|Any CPU.Build.0 = Debug|Any CPU
		{44FEA820-FFC5-4614-8DFF-66C641586150}.Debug|iPhone.ActiveCfg = Debug|Any CPU
		{44FEA820-FFC5-4614-8DFF-66C641586150}.Debug|iPhoneSimulator.ActiveCfg = Debug|Any CPU
		{44FEA820-FFC5-4614-8DFF-66C641586150}.Debug|Mixed Platforms.ActiveCfg = Debug|Any CPU
		{44FEA820-FFC5-4614-8DFF-66C641586150}.Debug|Mixed Platforms.Build.0 = Debug|Any CPU
		{44FEA820-FFC5-4614-8DFF-66C641586150}.Default|Any CPU.ActiveCfg = Debug|Any CPU
		{44FEA820-FFC5-4614-8DFF-66C641586150}.Default|Any CPU.Build.0 = Debug|Any CPU
		{44FEA820-FFC5-4614-8DFF-66C641586150}.Default|iPhone.ActiveCfg = Debug|Any CPU
		{44FEA820-FFC5-4614-8DFF-66C641586150}.Default|iPhoneSimulator.ActiveCfg = Debug|Any CPU
		{44FEA820-FFC5-4614-8DFF-66C641586150}.Default|Mixed Platforms.ActiveCfg = Debug|Any CPU
		{44FEA820-FFC5-4614-8DFF-66C641586150}.Default|Mixed Platforms.Build.0 = Debug|Any CPU
		{44FEA820-FFC5-4614-8DFF-66C641586150}.Release|Any CPU.ActiveCfg = Release|Any CPU
		{44FEA820-FFC5-4614-8DFF-66C641586150}.Release|Any CPU.Build.0 = Release|Any CPU
		{44FEA820-FFC5-4614-8DFF-66C641586150}.Release|iPhone.ActiveCfg = Release|Any CPU
		{44FEA820-FFC5-4614-8DFF-66C641586150}.Release|iPhoneSimulator.ActiveCfg = Release|Any CPU
		{44FEA820-FFC5-4614-8DFF-66C641586150}.Release|Mixed Platforms.ActiveCfg = Release|Any CPU
		{44FEA820-FFC5-4614-8DFF-66C641586150}.Release|Mixed Platforms.Build.0 = Release|Any CPU
	EndGlobalSection
	GlobalSection(SolutionProperties) = preSolution
		HideSolutionNode = FALSE
	EndGlobalSection
	GlobalSection(NestedProjects) = preSolution
		{739227F9-D852-4C85-8C8B-F55B8A445B13} = {3E64EA2B-CDA6-44C8-8DA2-F089F3711BC1}
		{0286BCC0-AAC9-492B-A940-A1260837ECDE} = {739227F9-D852-4C85-8C8B-F55B8A445B13}
		{EAC7244C-09D6-4922-A662-58743AE6D868} = {739227F9-D852-4C85-8C8B-F55B8A445B13}
		{27ACF4F4-862F-46C6-99B5-A0567B884F43} = {739227F9-D852-4C85-8C8B-F55B8A445B13}
		{C923AC96-115E-4107-B90F-C1B278889CB9} = {739227F9-D852-4C85-8C8B-F55B8A445B13}
	EndGlobalSection
EndGlobal
